// !$*UTF8*$!
{
	archiveVersion = 1;
	classes = {
	};
	objectVersion = 54;
	objects = {

/* Begin PBXBuildFile section */
		6FA6663D3F5FCD1B9C03C610 /* Pods_MovieApp.framework in Frameworks */ = {isa = PBXBuildFile; fileRef = 895798C6446D80074EC4E740 /* Pods_MovieApp.framework */; };
		9D24EB302A3AD36F008372AC /* HeaderCell.swift in Sources */ = {isa = PBXBuildFile; fileRef = 9D24EB2E2A3AD36F008372AC /* HeaderCell.swift */; };
		9D24EB312A3AD36F008372AC /* HeaderCell.xib in Resources */ = {isa = PBXBuildFile; fileRef = 9D24EB2F2A3AD36F008372AC /* HeaderCell.xib */; };
		9D24EB352A3AE9AF008372AC /* TheCastDataSource.swift in Sources */ = {isa = PBXBuildFile; fileRef = 9D24EB342A3AE9AF008372AC /* TheCastDataSource.swift */; };
		9D93058C2A386571007E2647 /* UserDefaultManager.swift in Sources */ = {isa = PBXBuildFile; fileRef = 9D93058B2A386571007E2647 /* UserDefaultManager.swift */; };
		9D93058E2A386EE5007E2647 /* HomeViewModel.swift in Sources */ = {isa = PBXBuildFile; fileRef = 9D93058D2A386EE5007E2647 /* HomeViewModel.swift */; };
		9D9305962A3870D7007E2647 /* CategoryTableViewCell.swift in Sources */ = {isa = PBXBuildFile; fileRef = 9D9305942A3870D7007E2647 /* CategoryTableViewCell.swift */; };
		9D9305972A3870D7007E2647 /* CategoryTableViewCell.xib in Resources */ = {isa = PBXBuildFile; fileRef = 9D9305952A3870D7007E2647 /* CategoryTableViewCell.xib */; };
		9D93059A2A3870EE007E2647 /* DetailTableViewCell.swift in Sources */ = {isa = PBXBuildFile; fileRef = 9D9305982A3870EE007E2647 /* DetailTableViewCell.swift */; };
		9D93059B2A3870EE007E2647 /* DetailTableViewCell.xib in Resources */ = {isa = PBXBuildFile; fileRef = 9D9305992A3870EE007E2647 /* DetailTableViewCell.xib */; };
		9D93059E2A38710E007E2647 /* FavoritesTableViewCell.swift in Sources */ = {isa = PBXBuildFile; fileRef = 9D93059C2A38710E007E2647 /* FavoritesTableViewCell.swift */; };
		9D93059F2A38710E007E2647 /* FavoritesTableViewCell.xib in Resources */ = {isa = PBXBuildFile; fileRef = 9D93059D2A38710E007E2647 /* FavoritesTableViewCell.xib */; };
		9D9305A12A38712B007E2647 /* HomeDataSource.swift in Sources */ = {isa = PBXBuildFile; fileRef = 9D9305A02A38712B007E2647 /* HomeDataSource.swift */; };
		9D9305A52A387263007E2647 /* RecentTableViewCell.swift in Sources */ = {isa = PBXBuildFile; fileRef = 9D9305A32A387263007E2647 /* RecentTableViewCell.swift */; };
		9D9305A62A387264007E2647 /* RecentTableViewCell.xib in Resources */ = {isa = PBXBuildFile; fileRef = 9D9305A42A387263007E2647 /* RecentTableViewCell.xib */; };
		9D9305AB2A387A52007E2647 /* DetailPostCollectionViewCell.swift in Sources */ = {isa = PBXBuildFile; fileRef = 9D9305A92A387A52007E2647 /* DetailPostCollectionViewCell.swift */; };
		9D9305AC2A387A52007E2647 /* DetailPostCollectionViewCell.xib in Resources */ = {isa = PBXBuildFile; fileRef = 9D9305AA2A387A52007E2647 /* DetailPostCollectionViewCell.xib */; };
		9D9305AE2A387A71007E2647 /* CollectionViewDataSource.swift in Sources */ = {isa = PBXBuildFile; fileRef = 9D9305AD2A387A71007E2647 /* CollectionViewDataSource.swift */; };
		9D96274E2A37254E00E0D11B /* UserResponse.swift in Sources */ = {isa = PBXBuildFile; fileRef = 9D96274D2A37254E00E0D11B /* UserResponse.swift */; };
		9D9B595E2A395A4B0001BDAD /* FavotitesCollectionViewCell.swift in Sources */ = {isa = PBXBuildFile; fileRef = 9D9B595C2A395A4B0001BDAD /* FavotitesCollectionViewCell.swift */; };
		9D9B595F2A395A4B0001BDAD /* FavotitesCollectionViewCell.xib in Resources */ = {isa = PBXBuildFile; fileRef = 9D9B595D2A395A4B0001BDAD /* FavotitesCollectionViewCell.xib */; };
		9D9B59612A395AA20001BDAD /* FavoritesDataSource.swift in Sources */ = {isa = PBXBuildFile; fileRef = 9D9B59602A395AA20001BDAD /* FavoritesDataSource.swift */; };
		9DA1C97C2A3AA0F3009FDEAD /* DetailMovieViewController.swift in Sources */ = {isa = PBXBuildFile; fileRef = 9DA1C97A2A3AA0F3009FDEAD /* DetailMovieViewController.swift */; };
		9DA1C97D2A3AA0F3009FDEAD /* DetailMovieViewController.xib in Resources */ = {isa = PBXBuildFile; fileRef = 9DA1C97B2A3AA0F3009FDEAD /* DetailMovieViewController.xib */; };
		9DA1C9802A3AB3CE009FDEAD /* CustomLable.swift in Sources */ = {isa = PBXBuildFile; fileRef = 9DA1C97F2A3AB3CE009FDEAD /* CustomLable.swift */; };
		9DA945A22A32B24C0074D3FC /* Localizable.strings in Resources */ = {isa = PBXBuildFile; fileRef = 9DA945A12A32B24C0074D3FC /* Localizable.strings */; };
		9DA945A82A32BFCC0074D3FC /* Strings.swift in Sources */ = {isa = PBXBuildFile; fileRef = 9DA945A72A32BFCC0074D3FC /* Strings.swift */; };
		9DA945AA2A32D7E90074D3FC /* GoogleService-Info.plist in Resources */ = {isa = PBXBuildFile; fileRef = 9DA945A92A32D7E80074D3FC /* GoogleService-Info.plist */; };
		9DA945AC2A32D91B0074D3FC /* FirebaseManager.swift in Sources */ = {isa = PBXBuildFile; fileRef = 9DA945AB2A32D91B0074D3FC /* FirebaseManager.swift */; };
		9DA945AE2A32DAD30074D3FC /* ToastUtil.swift in Sources */ = {isa = PBXBuildFile; fileRef = 9DA945AD2A32DAD30074D3FC /* ToastUtil.swift */; };
		9DA945B22A330C8A0074D3FC /* HomeViewController.swift in Sources */ = {isa = PBXBuildFile; fileRef = 9DA945B02A330C8A0074D3FC /* HomeViewController.swift */; };
		9DA945B32A330C8A0074D3FC /* HomeViewController.xib in Resources */ = {isa = PBXBuildFile; fileRef = 9DA945B12A330C8A0074D3FC /* HomeViewController.xib */; };
		9DA945B72A330E170074D3FC /* LoginViewController.swift in Sources */ = {isa = PBXBuildFile; fileRef = 9DA945B52A330E170074D3FC /* LoginViewController.swift */; };
		9DA945B82A330E170074D3FC /* LoginViewController.xib in Resources */ = {isa = PBXBuildFile; fileRef = 9DA945B62A330E170074D3FC /* LoginViewController.xib */; };
		9DA945BD2A332A330074D3FC /* TabBarController.swift in Sources */ = {isa = PBXBuildFile; fileRef = 9DA945BC2A332A330074D3FC /* TabBarController.swift */; };
		9DAA12D12A3C5AA900C5308D /* ProfileViewModel.swift in Sources */ = {isa = PBXBuildFile; fileRef = 9DAA12D02A3C5AA900C5308D /* ProfileViewModel.swift */; };
		9DAA12D42A3C5F1400C5308D /* ProfileDataSource.swift in Sources */ = {isa = PBXBuildFile; fileRef = 9DAA12D32A3C5F1400C5308D /* ProfileDataSource.swift */; };
		9DAA12D72A3C60EB00C5308D /* ProfileTableViewCell.swift in Sources */ = {isa = PBXBuildFile; fileRef = 9DAA12D52A3C60EB00C5308D /* ProfileTableViewCell.swift */; };
		9DAA12D82A3C60EB00C5308D /* ProfileTableViewCell.xib in Resources */ = {isa = PBXBuildFile; fileRef = 9DAA12D62A3C60EB00C5308D /* ProfileTableViewCell.xib */; };
		E202839C2A820EBB00877709 /* TrailerTableViewCell.swift in Sources */ = {isa = PBXBuildFile; fileRef = E202839B2A820EBB00877709 /* TrailerTableViewCell.swift */; };
		E2099A8E2A4D3A1A00CCC3A0 /* ImageManager.swift in Sources */ = {isa = PBXBuildFile; fileRef = E2099A8D2A4D3A1A00CCC3A0 /* ImageManager.swift */; };
		E210599C2A83857D007AD371 /* SearchViewModel.swift in Sources */ = {isa = PBXBuildFile; fileRef = E210599B2A83857D007AD371 /* SearchViewModel.swift */; };
		E21BC1B62A8B23B500FE4399 /* ActivityIndicator.swift in Sources */ = {isa = PBXBuildFile; fileRef = E21BC1B52A8B23B400FE4399 /* ActivityIndicator.swift */; };
		E21BC1B82A8B26B200FE4399 /* BaseViewModel.swift in Sources */ = {isa = PBXBuildFile; fileRef = E21BC1B72A8B26B200FE4399 /* BaseViewModel.swift */; };
		E21BC1BA2A8B2C1F00FE4399 /* Progressloading.swift in Sources */ = {isa = PBXBuildFile; fileRef = E21BC1B92A8B2C1F00FE4399 /* Progressloading.swift */; };
		E221C6BA2A81F8A7004A568D /* VideosResponse.swift in Sources */ = {isa = PBXBuildFile; fileRef = E221C6B92A81F8A6004A568D /* VideosResponse.swift */; };
		E22CBA432A21934A0021EDBE /* AppDelegate.swift in Sources */ = {isa = PBXBuildFile; fileRef = E22CBA422A21934A0021EDBE /* AppDelegate.swift */; };
		E22CBA452A21934A0021EDBE /* SceneDelegate.swift in Sources */ = {isa = PBXBuildFile; fileRef = E22CBA442A21934A0021EDBE /* SceneDelegate.swift */; };
		E22CBA472A21934A0021EDBE /* ViewController.swift in Sources */ = {isa = PBXBuildFile; fileRef = E22CBA462A21934A0021EDBE /* ViewController.swift */; };
		E22CBA4A2A21934A0021EDBE /* Main.storyboard in Resources */ = {isa = PBXBuildFile; fileRef = E22CBA482A21934A0021EDBE /* Main.storyboard */; };
		E22CBA4C2A2193710021EDBE /* Assets.xcassets in Resources */ = {isa = PBXBuildFile; fileRef = E22CBA4B2A2193710021EDBE /* Assets.xcassets */; };
		E22CBA4F2A2193710021EDBE /* LaunchScreen.storyboard in Resources */ = {isa = PBXBuildFile; fileRef = E22CBA4D2A2193710021EDBE /* LaunchScreen.storyboard */; };
		E246A4FF2A51803000D3CF6C /* DetailChatViewController.swift in Sources */ = {isa = PBXBuildFile; fileRef = E246A4FD2A51803000D3CF6C /* DetailChatViewController.swift */; };
		E246A5002A51803100D3CF6C /* DetailChatViewController.xib in Resources */ = {isa = PBXBuildFile; fileRef = E246A4FE2A51803000D3CF6C /* DetailChatViewController.xib */; };
		E246A5072A51DB4500D3CF6C /* CustomMessageView.swift in Sources */ = {isa = PBXBuildFile; fileRef = E246A5062A51DB4500D3CF6C /* CustomMessageView.swift */; };
		E246A50A2A51DD0900D3CF6C /* ConvertionTableViewCell.swift in Sources */ = {isa = PBXBuildFile; fileRef = E246A5082A51DD0900D3CF6C /* ConvertionTableViewCell.swift */; };
		E246A50B2A51DD0900D3CF6C /* ConvertionTableViewCell.xib in Resources */ = {isa = PBXBuildFile; fileRef = E246A5092A51DD0900D3CF6C /* ConvertionTableViewCell.xib */; };
		E246A50D2A51E44900D3CF6C /* DetailDataSource.swift in Sources */ = {isa = PBXBuildFile; fileRef = E246A50C2A51E44900D3CF6C /* DetailDataSource.swift */; };
		E2801B842A55C61D00C1B0AD /* DetailChatViewModel.swift in Sources */ = {isa = PBXBuildFile; fileRef = E2801B832A55C61C00C1B0AD /* DetailChatViewModel.swift */; };
		E2832E9F2A7D5ED400EBE071 /* DesciptionTableCell.swift in Sources */ = {isa = PBXBuildFile; fileRef = E2832E9E2A7D5ED000EBE071 /* DesciptionTableCell.swift */; };
		E28E1CAF2A84032F0034C3B9 /* MovieTableViewCell.swift in Sources */ = {isa = PBXBuildFile; fileRef = E28E1CAD2A84032F0034C3B9 /* MovieTableViewCell.swift */; };
		E28E1CB02A84032F0034C3B9 /* MovieTableViewCell.xib in Resources */ = {isa = PBXBuildFile; fileRef = E28E1CAE2A84032F0034C3B9 /* MovieTableViewCell.xib */; };
		E28E1CB22A8409B60034C3B9 /* SearchDataSource.swift in Sources */ = {isa = PBXBuildFile; fileRef = E28E1CB12A8409B60034C3B9 /* SearchDataSource.swift */; };
		E291467B2A7F8F5F006F7D1E /* RequestFavoriteMovie.swift in Sources */ = {isa = PBXBuildFile; fileRef = E291467A2A7F8F5F006F7D1E /* RequestFavoriteMovie.swift */; };
		E29E8BC72A79FA48000548C2 /* UpComingTableViewCell.swift in Sources */ = {isa = PBXBuildFile; fileRef = E29E8BC62A79FA48000548C2 /* UpComingTableViewCell.swift */; };
		E29E8BC92A7A09FC000548C2 /* ReeslsDataSource.swift in Sources */ = {isa = PBXBuildFile; fileRef = E29E8BC82A7A09FB000548C2 /* ReeslsDataSource.swift */; };
		E29E9BB42A6D75F300AADF94 /* APIService.swift in Sources */ = {isa = PBXBuildFile; fileRef = E29E9BB32A6D75F300AADF94 /* APIService.swift */; };
		E2A209922A49F132003DF2D9 /* CustomNavigationHeader.swift in Sources */ = {isa = PBXBuildFile; fileRef = E2A209912A49F131003DF2D9 /* CustomNavigationHeader.swift */; };
		E2A41A732A6066E300E2EBC4 /* ImageTableViewCell.swift in Sources */ = {isa = PBXBuildFile; fileRef = E2A41A712A6066E200E2EBC4 /* ImageTableViewCell.swift */; };
		E2A41A742A6066E300E2EBC4 /* ImageTableViewCell.xib in Resources */ = {isa = PBXBuildFile; fileRef = E2A41A722A6066E200E2EBC4 /* ImageTableViewCell.xib */; };
		E2AA0B9C2A5C54C000F93091 /* MessageType.swift in Sources */ = {isa = PBXBuildFile; fileRef = E2AA0B9B2A5C54C000F93091 /* MessageType.swift */; };
		E2AAE43D2A2346C2004CFE0C /* RegisterController.swift in Sources */ = {isa = PBXBuildFile; fileRef = E2AAE43B2A2346C2004CFE0C /* RegisterController.swift */; };
		E2AAE43E2A2346C2004CFE0C /* RegisterController.xib in Resources */ = {isa = PBXBuildFile; fileRef = E2AAE43C2A2346C2004CFE0C /* RegisterController.xib */; };
		E2AAE4422A2352EA004CFE0C /* BaseViewController.swift in Sources */ = {isa = PBXBuildFile; fileRef = E2AAE4412A2352EA004CFE0C /* BaseViewController.swift */; };
		E2AAE4462A235489004CFE0C /* RegisterViewModel.swift in Sources */ = {isa = PBXBuildFile; fileRef = E2AAE4452A235489004CFE0C /* RegisterViewModel.swift */; };
		E2AAE4492A23588C004CFE0C /* Extension.swift in Sources */ = {isa = PBXBuildFile; fileRef = E2AAE4482A23588C004CFE0C /* Extension.swift */; };
		E2AB48742A72C4C600A8FEB1 /* DetailViewModel.swift in Sources */ = {isa = PBXBuildFile; fileRef = E2AB48732A72C4C400A8FEB1 /* DetailViewModel.swift */; };
		E2AB81412A7CE5FE00342164 /* DetaiTableViewCell.swift in Sources */ = {isa = PBXBuildFile; fileRef = E2AB81402A7CE5FE00342164 /* DetaiTableViewCell.swift */; };
		E2AB81432A7CF25300342164 /* CustomNavigationHeaderView.swift in Sources */ = {isa = PBXBuildFile; fileRef = E2AB81422A7CF25300342164 /* CustomNavigationHeaderView.swift */; };
		E2AD54C32A80C4A200590EEE /* FavoritesMovie.swift in Sources */ = {isa = PBXBuildFile; fileRef = E2AD54C22A80C4A100590EEE /* FavoritesMovie.swift */; };
		E2AEB64B2A77E29200A54933 /* APIService+Request.swift in Sources */ = {isa = PBXBuildFile; fileRef = E2AEB64A2A77E29200A54933 /* APIService+Request.swift */; };
		E2B1DAB22A4B30B1009E230B /* ChatViewDataSource.swift in Sources */ = {isa = PBXBuildFile; fileRef = E2B1DAB12A4B30B1009E230B /* ChatViewDataSource.swift */; };
		E2B1EE6A2A363494006938D7 /* ProfileViewController.swift in Sources */ = {isa = PBXBuildFile; fileRef = E2B1EE682A363494006938D7 /* ProfileViewController.swift */; };
		E2B1EE6B2A363495006938D7 /* ProfileViewController.xib in Resources */ = {isa = PBXBuildFile; fileRef = E2B1EE692A363494006938D7 /* ProfileViewController.xib */; };
		E2B1EE6F2A363914006938D7 /* FavoriteMovieViewController.swift in Sources */ = {isa = PBXBuildFile; fileRef = E2B1EE6D2A363913006938D7 /* FavoriteMovieViewController.swift */; };
		E2B1EE702A363914006938D7 /* FavoriteMovieViewController.xib in Resources */ = {isa = PBXBuildFile; fileRef = E2B1EE6E2A363913006938D7 /* FavoriteMovieViewController.xib */; };
		E2B1EE742A3639AA006938D7 /* ReelsViewController.swift in Sources */ = {isa = PBXBuildFile; fileRef = E2B1EE722A3639AA006938D7 /* ReelsViewController.swift */; };
		E2B1EE752A3639AA006938D7 /* ReelsViewController.xib in Resources */ = {isa = PBXBuildFile; fileRef = E2B1EE732A3639AA006938D7 /* ReelsViewController.xib */; };
		E2B1EE792A3639E2006938D7 /* SearchViewController.swift in Sources */ = {isa = PBXBuildFile; fileRef = E2B1EE772A3639E2006938D7 /* SearchViewController.swift */; };
		E2B1EE7A2A3639E2006938D7 /* SearchViewController.xib in Resources */ = {isa = PBXBuildFile; fileRef = E2B1EE782A3639E2006938D7 /* SearchViewController.xib */; };
		E2B278442A740B9400D60F21 /* CustomHeaderView.swift in Sources */ = {isa = PBXBuildFile; fileRef = E2B278432A740B9200D60F21 /* CustomHeaderView.swift */; };
		E2B4CDFE2A6E2DBD00C66BE2 /* Constant.swift in Sources */ = {isa = PBXBuildFile; fileRef = E2B4CDFD2A6E2DBD00C66BE2 /* Constant.swift */; };
		E2B6709E2A4C84760019C9DE /* MessageResponse.swift in Sources */ = {isa = PBXBuildFile; fileRef = E2B6709D2A4C84760019C9DE /* MessageResponse.swift */; };
		E2B670A12A4C8D810019C9DE /* UserActiveTableViewCell.swift in Sources */ = {isa = PBXBuildFile; fileRef = E2B6709F2A4C8D810019C9DE /* UserActiveTableViewCell.swift */; };
		E2B670A22A4C8D810019C9DE /* UserActiveTableViewCell.xib in Resources */ = {isa = PBXBuildFile; fileRef = E2B670A02A4C8D810019C9DE /* UserActiveTableViewCell.xib */; };
		E2B670A82A4C901D0019C9DE /* UserActiveCollectionViewCell.swift in Sources */ = {isa = PBXBuildFile; fileRef = E2B670A62A4C901D0019C9DE /* UserActiveCollectionViewCell.swift */; };
		E2B670A92A4C901D0019C9DE /* UserActiveCollectionViewCell.xib in Resources */ = {isa = PBXBuildFile; fileRef = E2B670A72A4C901D0019C9DE /* UserActiveCollectionViewCell.xib */; };
		E2B670AB2A4C93460019C9DE /* UserActiveDataSource.swift in Sources */ = {isa = PBXBuildFile; fileRef = E2B670AA2A4C93460019C9DE /* UserActiveDataSource.swift */; };
		E2B671FF2A6FD06700B6C553 /* MovieRepsonse.swift in Sources */ = {isa = PBXBuildFile; fileRef = E2B671FE2A6FD06700B6C553 /* MovieRepsonse.swift */; };
		E2B6F8ED2A4342CD003AD85B /* ChatViewController.swift in Sources */ = {isa = PBXBuildFile; fileRef = E2B6F8EB2A4342CD003AD85B /* ChatViewController.swift */; };
		E2B6F8EE2A4342CD003AD85B /* ChatViewController.xib in Resources */ = {isa = PBXBuildFile; fileRef = E2B6F8EC2A4342CD003AD85B /* ChatViewController.xib */; };
		E2B6F8F12A4346EE003AD85B /* MessageTableViewCell.swift in Sources */ = {isa = PBXBuildFile; fileRef = E2B6F8EF2A4346EE003AD85B /* MessageTableViewCell.swift */; };
		E2B6F8F22A4346EE003AD85B /* MessageTableViewCell.xib in Resources */ = {isa = PBXBuildFile; fileRef = E2B6F8F02A4346EE003AD85B /* MessageTableViewCell.xib */; };
		E2B6F8F52A434776003AD85B /* ChatViewModel.swift in Sources */ = {isa = PBXBuildFile; fileRef = E2B6F8F42A434776003AD85B /* ChatViewModel.swift */; };
		E2BA05D72A4EA73B00F81D2E /* ListUserTableViewCell.swift in Sources */ = {isa = PBXBuildFile; fileRef = E2BA05D52A4EA73B00F81D2E /* ListUserTableViewCell.swift */; };
		E2BA05D82A4EA73B00F81D2E /* ListUserTableViewCell.xib in Resources */ = {isa = PBXBuildFile; fileRef = E2BA05D62A4EA73B00F81D2E /* ListUserTableViewCell.xib */; };
		E2BA05DA2A4EA7A300F81D2E /* ListUserDataSource.swift in Sources */ = {isa = PBXBuildFile; fileRef = E2BA05D92A4EA7A300F81D2E /* ListUserDataSource.swift */; };
		E2D174B82A5D311B0013C63B /* ReciverUserTableViewCell.swift in Sources */ = {isa = PBXBuildFile; fileRef = E2D174B62A5D311B0013C63B /* ReciverUserTableViewCell.swift */; };
		E2D174B92A5D311B0013C63B /* ReciverUserTableViewCell.xib in Resources */ = {isa = PBXBuildFile; fileRef = E2D174B72A5D311B0013C63B /* ReciverUserTableViewCell.xib */; };
		E2D386502A6EE012003CFBBC /* CommonDataRespone.swift in Sources */ = {isa = PBXBuildFile; fileRef = E2D3864F2A6EE012003CFBBC /* CommonDataRespone.swift */; };
		E2D386522A6EE182003CFBBC /* CommonResponse.swift in Sources */ = {isa = PBXBuildFile; fileRef = E2D386512A6EE182003CFBBC /* CommonResponse.swift */; };
		E2DE58B22A7942F0008292A7 /* ReelsViewModel.swift in Sources */ = {isa = PBXBuildFile; fileRef = E2DE58B12A7942F0008292A7 /* ReelsViewModel.swift */; };
		E2E4CDFD2A358F8E0011259B /* Assets.swift in Sources */ = {isa = PBXBuildFile; fileRef = E2E4CDFC2A358F8E0011259B /* Assets.swift */; };
		E2EC98E72A769B6400D6D503 /* CustomNavigationBarView.swift in Sources */ = {isa = PBXBuildFile; fileRef = E2EC98E62A769B6400D6D503 /* CustomNavigationBarView.swift */; };
		E2FD476C2A61B6860015DA9D /* MVPCamemraViewController.swift in Sources */ = {isa = PBXBuildFile; fileRef = E2FD476A2A61B6860015DA9D /* MVPCamemraViewController.swift */; };
		E2FD476D2A61B6860015DA9D /* MVPCamemraViewController.xib in Resources */ = {isa = PBXBuildFile; fileRef = E2FD476B2A61B6860015DA9D /* MVPCamemraViewController.xib */; };
/* End PBXBuildFile section */

/* Begin PBXFileReference section */
		3816C510497B22ACCDC682CB /* Pods-MovieApp.release.xcconfig */ = {isa = PBXFileReference; includeInIndex = 1; lastKnownFileType = text.xcconfig; name = "Pods-MovieApp.release.xcconfig"; path = "Target Support Files/Pods-MovieApp/Pods-MovieApp.release.xcconfig"; sourceTree = "<group>"; };
		895798C6446D80074EC4E740 /* Pods_MovieApp.framework */ = {isa = PBXFileReference; explicitFileType = wrapper.framework; includeInIndex = 0; path = Pods_MovieApp.framework; sourceTree = BUILT_PRODUCTS_DIR; };
		9D24EB2E2A3AD36F008372AC /* HeaderCell.swift */ = {isa = PBXFileReference; lastKnownFileType = sourcecode.swift; path = HeaderCell.swift; sourceTree = "<group>"; };
		9D24EB2F2A3AD36F008372AC /* HeaderCell.xib */ = {isa = PBXFileReference; lastKnownFileType = file.xib; path = HeaderCell.xib; sourceTree = "<group>"; };
		9D24EB342A3AE9AF008372AC /* TheCastDataSource.swift */ = {isa = PBXFileReference; lastKnownFileType = sourcecode.swift; path = TheCastDataSource.swift; sourceTree = "<group>"; };
		9D93058B2A386571007E2647 /* UserDefaultManager.swift */ = {isa = PBXFileReference; lastKnownFileType = sourcecode.swift; path = UserDefaultManager.swift; sourceTree = "<group>"; };
		9D93058D2A386EE5007E2647 /* HomeViewModel.swift */ = {isa = PBXFileReference; lastKnownFileType = sourcecode.swift; path = HomeViewModel.swift; sourceTree = "<group>"; };
		9D9305942A3870D7007E2647 /* CategoryTableViewCell.swift */ = {isa = PBXFileReference; lastKnownFileType = sourcecode.swift; path = CategoryTableViewCell.swift; sourceTree = "<group>"; };
		9D9305952A3870D7007E2647 /* CategoryTableViewCell.xib */ = {isa = PBXFileReference; lastKnownFileType = file.xib; path = CategoryTableViewCell.xib; sourceTree = "<group>"; };
		9D9305982A3870EE007E2647 /* DetailTableViewCell.swift */ = {isa = PBXFileReference; lastKnownFileType = sourcecode.swift; path = DetailTableViewCell.swift; sourceTree = "<group>"; };
		9D9305992A3870EE007E2647 /* DetailTableViewCell.xib */ = {isa = PBXFileReference; lastKnownFileType = file.xib; path = DetailTableViewCell.xib; sourceTree = "<group>"; };
		9D93059C2A38710E007E2647 /* FavoritesTableViewCell.swift */ = {isa = PBXFileReference; lastKnownFileType = sourcecode.swift; path = FavoritesTableViewCell.swift; sourceTree = "<group>"; };
		9D93059D2A38710E007E2647 /* FavoritesTableViewCell.xib */ = {isa = PBXFileReference; lastKnownFileType = file.xib; path = FavoritesTableViewCell.xib; sourceTree = "<group>"; };
		9D9305A02A38712B007E2647 /* HomeDataSource.swift */ = {isa = PBXFileReference; lastKnownFileType = sourcecode.swift; path = HomeDataSource.swift; sourceTree = "<group>"; };
		9D9305A32A387263007E2647 /* RecentTableViewCell.swift */ = {isa = PBXFileReference; lastKnownFileType = sourcecode.swift; path = RecentTableViewCell.swift; sourceTree = "<group>"; };
		9D9305A42A387263007E2647 /* RecentTableViewCell.xib */ = {isa = PBXFileReference; lastKnownFileType = file.xib; path = RecentTableViewCell.xib; sourceTree = "<group>"; };
		9D9305A92A387A52007E2647 /* DetailPostCollectionViewCell.swift */ = {isa = PBXFileReference; lastKnownFileType = sourcecode.swift; path = DetailPostCollectionViewCell.swift; sourceTree = "<group>"; };
		9D9305AA2A387A52007E2647 /* DetailPostCollectionViewCell.xib */ = {isa = PBXFileReference; lastKnownFileType = file.xib; path = DetailPostCollectionViewCell.xib; sourceTree = "<group>"; };
		9D9305AD2A387A71007E2647 /* CollectionViewDataSource.swift */ = {isa = PBXFileReference; lastKnownFileType = sourcecode.swift; path = CollectionViewDataSource.swift; sourceTree = "<group>"; };
		9D96274D2A37254E00E0D11B /* UserResponse.swift */ = {isa = PBXFileReference; lastKnownFileType = sourcecode.swift; path = UserResponse.swift; sourceTree = "<group>"; };
		9D9B595C2A395A4B0001BDAD /* FavotitesCollectionViewCell.swift */ = {isa = PBXFileReference; lastKnownFileType = sourcecode.swift; path = FavotitesCollectionViewCell.swift; sourceTree = "<group>"; };
		9D9B595D2A395A4B0001BDAD /* FavotitesCollectionViewCell.xib */ = {isa = PBXFileReference; lastKnownFileType = file.xib; path = FavotitesCollectionViewCell.xib; sourceTree = "<group>"; };
		9D9B59602A395AA20001BDAD /* FavoritesDataSource.swift */ = {isa = PBXFileReference; lastKnownFileType = sourcecode.swift; path = FavoritesDataSource.swift; sourceTree = "<group>"; };
		9DA1C97A2A3AA0F3009FDEAD /* DetailMovieViewController.swift */ = {isa = PBXFileReference; lastKnownFileType = sourcecode.swift; path = DetailMovieViewController.swift; sourceTree = "<group>"; };
		9DA1C97B2A3AA0F3009FDEAD /* DetailMovieViewController.xib */ = {isa = PBXFileReference; lastKnownFileType = file.xib; path = DetailMovieViewController.xib; sourceTree = "<group>"; };
		9DA1C97F2A3AB3CE009FDEAD /* CustomLable.swift */ = {isa = PBXFileReference; lastKnownFileType = sourcecode.swift; path = CustomLable.swift; sourceTree = "<group>"; };
		9DA945A12A32B24C0074D3FC /* Localizable.strings */ = {isa = PBXFileReference; lastKnownFileType = text.plist.strings; path = Localizable.strings; sourceTree = "<group>"; };
		9DA945A72A32BFCC0074D3FC /* Strings.swift */ = {isa = PBXFileReference; lastKnownFileType = sourcecode.swift; path = Strings.swift; sourceTree = "<group>"; };
		9DA945A92A32D7E80074D3FC /* GoogleService-Info.plist */ = {isa = PBXFileReference; fileEncoding = 4; lastKnownFileType = text.plist.xml; path = "GoogleService-Info.plist"; sourceTree = "<group>"; };
		9DA945AB2A32D91B0074D3FC /* FirebaseManager.swift */ = {isa = PBXFileReference; lastKnownFileType = sourcecode.swift; path = FirebaseManager.swift; sourceTree = "<group>"; };
		9DA945AD2A32DAD30074D3FC /* ToastUtil.swift */ = {isa = PBXFileReference; lastKnownFileType = sourcecode.swift; path = ToastUtil.swift; sourceTree = "<group>"; };
		9DA945B02A330C8A0074D3FC /* HomeViewController.swift */ = {isa = PBXFileReference; lastKnownFileType = sourcecode.swift; path = HomeViewController.swift; sourceTree = "<group>"; };
		9DA945B12A330C8A0074D3FC /* HomeViewController.xib */ = {isa = PBXFileReference; lastKnownFileType = file.xib; path = HomeViewController.xib; sourceTree = "<group>"; };
		9DA945B52A330E170074D3FC /* LoginViewController.swift */ = {isa = PBXFileReference; lastKnownFileType = sourcecode.swift; path = LoginViewController.swift; sourceTree = "<group>"; };
		9DA945B62A330E170074D3FC /* LoginViewController.xib */ = {isa = PBXFileReference; lastKnownFileType = file.xib; path = LoginViewController.xib; sourceTree = "<group>"; };
		9DA945BC2A332A330074D3FC /* TabBarController.swift */ = {isa = PBXFileReference; lastKnownFileType = sourcecode.swift; path = TabBarController.swift; sourceTree = "<group>"; };
		9DAA12D02A3C5AA900C5308D /* ProfileViewModel.swift */ = {isa = PBXFileReference; lastKnownFileType = sourcecode.swift; path = ProfileViewModel.swift; sourceTree = "<group>"; };
		9DAA12D32A3C5F1400C5308D /* ProfileDataSource.swift */ = {isa = PBXFileReference; lastKnownFileType = sourcecode.swift; path = ProfileDataSource.swift; sourceTree = "<group>"; };
		9DAA12D52A3C60EB00C5308D /* ProfileTableViewCell.swift */ = {isa = PBXFileReference; lastKnownFileType = sourcecode.swift; path = ProfileTableViewCell.swift; sourceTree = "<group>"; };
		9DAA12D62A3C60EB00C5308D /* ProfileTableViewCell.xib */ = {isa = PBXFileReference; lastKnownFileType = file.xib; path = ProfileTableViewCell.xib; sourceTree = "<group>"; };
		C38535E0ADC35CAE6FC19B79 /* Pods-MovieApp.debug.xcconfig */ = {isa = PBXFileReference; includeInIndex = 1; lastKnownFileType = text.xcconfig; name = "Pods-MovieApp.debug.xcconfig"; path = "Target Support Files/Pods-MovieApp/Pods-MovieApp.debug.xcconfig"; sourceTree = "<group>"; };
		E202839B2A820EBB00877709 /* TrailerTableViewCell.swift */ = {isa = PBXFileReference; lastKnownFileType = sourcecode.swift; path = TrailerTableViewCell.swift; sourceTree = "<group>"; };
		E2099A8D2A4D3A1A00CCC3A0 /* ImageManager.swift */ = {isa = PBXFileReference; lastKnownFileType = sourcecode.swift; path = ImageManager.swift; sourceTree = "<group>"; };
		E210599B2A83857D007AD371 /* SearchViewModel.swift */ = {isa = PBXFileReference; lastKnownFileType = sourcecode.swift; path = SearchViewModel.swift; sourceTree = "<group>"; };
		E21BC1B52A8B23B400FE4399 /* ActivityIndicator.swift */ = {isa = PBXFileReference; lastKnownFileType = sourcecode.swift; path = ActivityIndicator.swift; sourceTree = "<group>"; };
		E21BC1B72A8B26B200FE4399 /* BaseViewModel.swift */ = {isa = PBXFileReference; lastKnownFileType = sourcecode.swift; path = BaseViewModel.swift; sourceTree = "<group>"; };
		E21BC1B92A8B2C1F00FE4399 /* Progressloading.swift */ = {isa = PBXFileReference; lastKnownFileType = sourcecode.swift; path = Progressloading.swift; sourceTree = "<group>"; };
		E221C6B92A81F8A6004A568D /* VideosResponse.swift */ = {isa = PBXFileReference; lastKnownFileType = sourcecode.swift; path = VideosResponse.swift; sourceTree = "<group>"; };
		E22CBA3F2A2193490021EDBE /* MovieApp.app */ = {isa = PBXFileReference; explicitFileType = wrapper.application; includeInIndex = 0; path = MovieApp.app; sourceTree = BUILT_PRODUCTS_DIR; };
		E22CBA422A21934A0021EDBE /* AppDelegate.swift */ = {isa = PBXFileReference; lastKnownFileType = sourcecode.swift; path = AppDelegate.swift; sourceTree = "<group>"; };
		E22CBA442A21934A0021EDBE /* SceneDelegate.swift */ = {isa = PBXFileReference; lastKnownFileType = sourcecode.swift; path = SceneDelegate.swift; sourceTree = "<group>"; };
		E22CBA462A21934A0021EDBE /* ViewController.swift */ = {isa = PBXFileReference; lastKnownFileType = sourcecode.swift; path = ViewController.swift; sourceTree = "<group>"; };
		E22CBA492A21934A0021EDBE /* Base */ = {isa = PBXFileReference; lastKnownFileType = file.storyboard; name = Base; path = Base.lproj/Main.storyboard; sourceTree = "<group>"; };
		E22CBA4B2A2193710021EDBE /* Assets.xcassets */ = {isa = PBXFileReference; lastKnownFileType = folder.assetcatalog; path = Assets.xcassets; sourceTree = "<group>"; };
		E22CBA4E2A2193710021EDBE /* Base */ = {isa = PBXFileReference; lastKnownFileType = file.storyboard; name = Base; path = Base.lproj/LaunchScreen.storyboard; sourceTree = "<group>"; };
		E22CBA502A2193710021EDBE /* Info.plist */ = {isa = PBXFileReference; lastKnownFileType = text.plist.xml; path = Info.plist; sourceTree = "<group>"; };
		E246A4FD2A51803000D3CF6C /* DetailChatViewController.swift */ = {isa = PBXFileReference; lastKnownFileType = sourcecode.swift; path = DetailChatViewController.swift; sourceTree = "<group>"; };
		E246A4FE2A51803000D3CF6C /* DetailChatViewController.xib */ = {isa = PBXFileReference; lastKnownFileType = file.xib; path = DetailChatViewController.xib; sourceTree = "<group>"; };
		E246A5062A51DB4500D3CF6C /* CustomMessageView.swift */ = {isa = PBXFileReference; lastKnownFileType = sourcecode.swift; path = CustomMessageView.swift; sourceTree = "<group>"; };
		E246A5082A51DD0900D3CF6C /* ConvertionTableViewCell.swift */ = {isa = PBXFileReference; lastKnownFileType = sourcecode.swift; path = ConvertionTableViewCell.swift; sourceTree = "<group>"; };
		E246A5092A51DD0900D3CF6C /* ConvertionTableViewCell.xib */ = {isa = PBXFileReference; lastKnownFileType = file.xib; path = ConvertionTableViewCell.xib; sourceTree = "<group>"; };
		E246A50C2A51E44900D3CF6C /* DetailDataSource.swift */ = {isa = PBXFileReference; lastKnownFileType = sourcecode.swift; path = DetailDataSource.swift; sourceTree = "<group>"; };
		E2801B832A55C61C00C1B0AD /* DetailChatViewModel.swift */ = {isa = PBXFileReference; lastKnownFileType = sourcecode.swift; path = DetailChatViewModel.swift; sourceTree = "<group>"; };
		E2832E9E2A7D5ED000EBE071 /* DesciptionTableCell.swift */ = {isa = PBXFileReference; lastKnownFileType = sourcecode.swift; path = DesciptionTableCell.swift; sourceTree = "<group>"; };
		E28E1CAD2A84032F0034C3B9 /* MovieTableViewCell.swift */ = {isa = PBXFileReference; lastKnownFileType = sourcecode.swift; path = MovieTableViewCell.swift; sourceTree = "<group>"; };
		E28E1CAE2A84032F0034C3B9 /* MovieTableViewCell.xib */ = {isa = PBXFileReference; lastKnownFileType = file.xib; path = MovieTableViewCell.xib; sourceTree = "<group>"; };
		E28E1CB12A8409B60034C3B9 /* SearchDataSource.swift */ = {isa = PBXFileReference; lastKnownFileType = sourcecode.swift; path = SearchDataSource.swift; sourceTree = "<group>"; };
		E291467A2A7F8F5F006F7D1E /* RequestFavoriteMovie.swift */ = {isa = PBXFileReference; lastKnownFileType = sourcecode.swift; path = RequestFavoriteMovie.swift; sourceTree = "<group>"; };
		E29E8BC62A79FA48000548C2 /* UpComingTableViewCell.swift */ = {isa = PBXFileReference; lastKnownFileType = sourcecode.swift; path = UpComingTableViewCell.swift; sourceTree = "<group>"; };
		E29E8BC82A7A09FB000548C2 /* ReeslsDataSource.swift */ = {isa = PBXFileReference; lastKnownFileType = sourcecode.swift; path = ReeslsDataSource.swift; sourceTree = "<group>"; };
		E29E9BB32A6D75F300AADF94 /* APIService.swift */ = {isa = PBXFileReference; lastKnownFileType = sourcecode.swift; path = APIService.swift; sourceTree = "<group>"; };
		E2A209912A49F131003DF2D9 /* CustomNavigationHeader.swift */ = {isa = PBXFileReference; lastKnownFileType = sourcecode.swift; path = CustomNavigationHeader.swift; sourceTree = "<group>"; };
		E2A41A712A6066E200E2EBC4 /* ImageTableViewCell.swift */ = {isa = PBXFileReference; lastKnownFileType = sourcecode.swift; path = ImageTableViewCell.swift; sourceTree = "<group>"; };
		E2A41A722A6066E200E2EBC4 /* ImageTableViewCell.xib */ = {isa = PBXFileReference; lastKnownFileType = file.xib; path = ImageTableViewCell.xib; sourceTree = "<group>"; };
		E2AA0B9B2A5C54C000F93091 /* MessageType.swift */ = {isa = PBXFileReference; lastKnownFileType = sourcecode.swift; name = MessageType.swift; path = MovieApp/Base/RequetsParam/MessageType.swift; sourceTree = SOURCE_ROOT; };
		E2AAE43B2A2346C2004CFE0C /* RegisterController.swift */ = {isa = PBXFileReference; lastKnownFileType = sourcecode.swift; path = RegisterController.swift; sourceTree = "<group>"; };
		E2AAE43C2A2346C2004CFE0C /* RegisterController.xib */ = {isa = PBXFileReference; lastKnownFileType = file.xib; path = RegisterController.xib; sourceTree = "<group>"; };
		E2AAE4412A2352EA004CFE0C /* BaseViewController.swift */ = {isa = PBXFileReference; lastKnownFileType = sourcecode.swift; path = BaseViewController.swift; sourceTree = "<group>"; };
		E2AAE4452A235489004CFE0C /* RegisterViewModel.swift */ = {isa = PBXFileReference; lastKnownFileType = sourcecode.swift; path = RegisterViewModel.swift; sourceTree = "<group>"; };
		E2AAE4482A23588C004CFE0C /* Extension.swift */ = {isa = PBXFileReference; lastKnownFileType = sourcecode.swift; path = Extension.swift; sourceTree = "<group>"; };
		E2AB48732A72C4C400A8FEB1 /* DetailViewModel.swift */ = {isa = PBXFileReference; lastKnownFileType = sourcecode.swift; path = DetailViewModel.swift; sourceTree = "<group>"; };
		E2AB81402A7CE5FE00342164 /* DetaiTableViewCell.swift */ = {isa = PBXFileReference; lastKnownFileType = sourcecode.swift; path = DetaiTableViewCell.swift; sourceTree = "<group>"; };
		E2AB81422A7CF25300342164 /* CustomNavigationHeaderView.swift */ = {isa = PBXFileReference; fileEncoding = 4; lastKnownFileType = sourcecode.swift; path = CustomNavigationHeaderView.swift; sourceTree = "<group>"; };
		E2AD54C22A80C4A100590EEE /* FavoritesMovie.swift */ = {isa = PBXFileReference; lastKnownFileType = sourcecode.swift; path = FavoritesMovie.swift; sourceTree = "<group>"; };
		E2AEB64A2A77E29200A54933 /* APIService+Request.swift */ = {isa = PBXFileReference; lastKnownFileType = sourcecode.swift; path = "APIService+Request.swift"; sourceTree = "<group>"; };
		E2B1DAB12A4B30B1009E230B /* ChatViewDataSource.swift */ = {isa = PBXFileReference; lastKnownFileType = sourcecode.swift; path = ChatViewDataSource.swift; sourceTree = "<group>"; };
		E2B1EE682A363494006938D7 /* ProfileViewController.swift */ = {isa = PBXFileReference; lastKnownFileType = sourcecode.swift; path = ProfileViewController.swift; sourceTree = "<group>"; };
		E2B1EE692A363494006938D7 /* ProfileViewController.xib */ = {isa = PBXFileReference; lastKnownFileType = file.xib; path = ProfileViewController.xib; sourceTree = "<group>"; };
		E2B1EE6D2A363913006938D7 /* FavoriteMovieViewController.swift */ = {isa = PBXFileReference; lastKnownFileType = sourcecode.swift; path = FavoriteMovieViewController.swift; sourceTree = "<group>"; };
		E2B1EE6E2A363913006938D7 /* FavoriteMovieViewController.xib */ = {isa = PBXFileReference; lastKnownFileType = file.xib; path = FavoriteMovieViewController.xib; sourceTree = "<group>"; };
		E2B1EE722A3639AA006938D7 /* ReelsViewController.swift */ = {isa = PBXFileReference; lastKnownFileType = sourcecode.swift; path = ReelsViewController.swift; sourceTree = "<group>"; };
		E2B1EE732A3639AA006938D7 /* ReelsViewController.xib */ = {isa = PBXFileReference; lastKnownFileType = file.xib; path = ReelsViewController.xib; sourceTree = "<group>"; };
		E2B1EE772A3639E2006938D7 /* SearchViewController.swift */ = {isa = PBXFileReference; lastKnownFileType = sourcecode.swift; path = SearchViewController.swift; sourceTree = "<group>"; };
		E2B1EE782A3639E2006938D7 /* SearchViewController.xib */ = {isa = PBXFileReference; lastKnownFileType = file.xib; path = SearchViewController.xib; sourceTree = "<group>"; };
		E2B278432A740B9200D60F21 /* CustomHeaderView.swift */ = {isa = PBXFileReference; lastKnownFileType = sourcecode.swift; path = CustomHeaderView.swift; sourceTree = "<group>"; };
		E2B4CDFD2A6E2DBD00C66BE2 /* Constant.swift */ = {isa = PBXFileReference; lastKnownFileType = sourcecode.swift; path = Constant.swift; sourceTree = "<group>"; };
		E2B6709D2A4C84760019C9DE /* MessageResponse.swift */ = {isa = PBXFileReference; lastKnownFileType = sourcecode.swift; path = MessageResponse.swift; sourceTree = "<group>"; };
		E2B6709F2A4C8D810019C9DE /* UserActiveTableViewCell.swift */ = {isa = PBXFileReference; lastKnownFileType = sourcecode.swift; path = UserActiveTableViewCell.swift; sourceTree = "<group>"; };
		E2B670A02A4C8D810019C9DE /* UserActiveTableViewCell.xib */ = {isa = PBXFileReference; lastKnownFileType = file.xib; path = UserActiveTableViewCell.xib; sourceTree = "<group>"; };
		E2B670A62A4C901D0019C9DE /* UserActiveCollectionViewCell.swift */ = {isa = PBXFileReference; lastKnownFileType = sourcecode.swift; path = UserActiveCollectionViewCell.swift; sourceTree = "<group>"; };
		E2B670A72A4C901D0019C9DE /* UserActiveCollectionViewCell.xib */ = {isa = PBXFileReference; lastKnownFileType = file.xib; path = UserActiveCollectionViewCell.xib; sourceTree = "<group>"; };
		E2B670AA2A4C93460019C9DE /* UserActiveDataSource.swift */ = {isa = PBXFileReference; lastKnownFileType = sourcecode.swift; path = UserActiveDataSource.swift; sourceTree = "<group>"; };
		E2B671FE2A6FD06700B6C553 /* MovieRepsonse.swift */ = {isa = PBXFileReference; lastKnownFileType = sourcecode.swift; path = MovieRepsonse.swift; sourceTree = "<group>"; };
		E2B6F8EB2A4342CD003AD85B /* ChatViewController.swift */ = {isa = PBXFileReference; lastKnownFileType = sourcecode.swift; path = ChatViewController.swift; sourceTree = "<group>"; };
		E2B6F8EC2A4342CD003AD85B /* ChatViewController.xib */ = {isa = PBXFileReference; lastKnownFileType = file.xib; path = ChatViewController.xib; sourceTree = "<group>"; };
		E2B6F8EF2A4346EE003AD85B /* MessageTableViewCell.swift */ = {isa = PBXFileReference; lastKnownFileType = sourcecode.swift; path = MessageTableViewCell.swift; sourceTree = "<group>"; };
		E2B6F8F02A4346EE003AD85B /* MessageTableViewCell.xib */ = {isa = PBXFileReference; lastKnownFileType = file.xib; path = MessageTableViewCell.xib; sourceTree = "<group>"; };
		E2B6F8F42A434776003AD85B /* ChatViewModel.swift */ = {isa = PBXFileReference; lastKnownFileType = sourcecode.swift; path = ChatViewModel.swift; sourceTree = "<group>"; };
		E2BA05D52A4EA73B00F81D2E /* ListUserTableViewCell.swift */ = {isa = PBXFileReference; lastKnownFileType = sourcecode.swift; path = ListUserTableViewCell.swift; sourceTree = "<group>"; };
		E2BA05D62A4EA73B00F81D2E /* ListUserTableViewCell.xib */ = {isa = PBXFileReference; lastKnownFileType = file.xib; path = ListUserTableViewCell.xib; sourceTree = "<group>"; };
		E2BA05D92A4EA7A300F81D2E /* ListUserDataSource.swift */ = {isa = PBXFileReference; lastKnownFileType = sourcecode.swift; path = ListUserDataSource.swift; sourceTree = "<group>"; };
		E2D174B62A5D311B0013C63B /* ReciverUserTableViewCell.swift */ = {isa = PBXFileReference; lastKnownFileType = sourcecode.swift; path = ReciverUserTableViewCell.swift; sourceTree = "<group>"; };
		E2D174B72A5D311B0013C63B /* ReciverUserTableViewCell.xib */ = {isa = PBXFileReference; lastKnownFileType = file.xib; path = ReciverUserTableViewCell.xib; sourceTree = "<group>"; };
		E2D3864F2A6EE012003CFBBC /* CommonDataRespone.swift */ = {isa = PBXFileReference; lastKnownFileType = sourcecode.swift; path = CommonDataRespone.swift; sourceTree = "<group>"; };
		E2D386512A6EE182003CFBBC /* CommonResponse.swift */ = {isa = PBXFileReference; lastKnownFileType = sourcecode.swift; path = CommonResponse.swift; sourceTree = "<group>"; };
		E2DE58B12A7942F0008292A7 /* ReelsViewModel.swift */ = {isa = PBXFileReference; lastKnownFileType = sourcecode.swift; path = ReelsViewModel.swift; sourceTree = "<group>"; };
		E2E4CDFC2A358F8E0011259B /* Assets.swift */ = {isa = PBXFileReference; lastKnownFileType = sourcecode.swift; path = Assets.swift; sourceTree = "<group>"; };
		E2EC98E62A769B6400D6D503 /* CustomNavigationBarView.swift */ = {isa = PBXFileReference; lastKnownFileType = sourcecode.swift; path = CustomNavigationBarView.swift; sourceTree = "<group>"; };
		E2FD476A2A61B6860015DA9D /* MVPCamemraViewController.swift */ = {isa = PBXFileReference; lastKnownFileType = sourcecode.swift; path = MVPCamemraViewController.swift; sourceTree = "<group>"; };
		E2FD476B2A61B6860015DA9D /* MVPCamemraViewController.xib */ = {isa = PBXFileReference; lastKnownFileType = file.xib; path = MVPCamemraViewController.xib; sourceTree = "<group>"; };
/* End PBXFileReference section */

/* Begin PBXFrameworksBuildPhase section */
		E22CBA3C2A2193490021EDBE /* Frameworks */ = {
			isa = PBXFrameworksBuildPhase;
			buildActionMask = 2147483647;
			files = (
				6FA6663D3F5FCD1B9C03C610 /* Pods_MovieApp.framework in Frameworks */,
			);
			runOnlyForDeploymentPostprocessing = 0;
		};
/* End PBXFrameworksBuildPhase section */

/* Begin PBXGroup section */
		720823AF2B0CBEFD001286EA /* RequetsParam */ = {
			isa = PBXGroup;
			children = (
				E2AA0B9B2A5C54C000F93091 /* MessageType.swift */,
			);
			path = RequetsParam;
			sourceTree = "<group>";
		};
		7CB16E5998471BC33CC3D225 /* Pods */ = {
			isa = PBXGroup;
			children = (
				C38535E0ADC35CAE6FC19B79 /* Pods-MovieApp.debug.xcconfig */,
				3816C510497B22ACCDC682CB /* Pods-MovieApp.release.xcconfig */,
			);
			path = Pods;
			sourceTree = "<group>";
		};
		9D93058F2A38701B007E2647 /* Cell */ = {
			isa = PBXGroup;
			children = (
				9D9305A22A3871C3007E2647 /* RecentWatched */,
				9D9305922A387076007E2647 /* Favorites */,
				9D9305912A38706F007E2647 /* Detail */,
				9D9305902A387059007E2647 /* Category */,
			);
			path = Cell;
			sourceTree = "<group>";
		};
		9D9305902A387059007E2647 /* Category */ = {
			isa = PBXGroup;
			children = (
				9D9305942A3870D7007E2647 /* CategoryTableViewCell.swift */,
				9D9305952A3870D7007E2647 /* CategoryTableViewCell.xib */,
			);
			path = Category;
			sourceTree = "<group>";
		};
		9D9305912A38706F007E2647 /* Detail */ = {
			isa = PBXGroup;
			children = (
				9D9305A82A38785B007E2647 /* CollectionView */,
				9D9305982A3870EE007E2647 /* DetailTableViewCell.swift */,
				9D9305992A3870EE007E2647 /* DetailTableViewCell.xib */,
			);
			path = Detail;
			sourceTree = "<group>";
		};
		9D9305922A387076007E2647 /* Favorites */ = {
			isa = PBXGroup;
			children = (
				9D9B595B2A395A1E0001BDAD /* CollectionView */,
				9D93059C2A38710E007E2647 /* FavoritesTableViewCell.swift */,
				9D93059D2A38710E007E2647 /* FavoritesTableViewCell.xib */,
				9D9B59602A395AA20001BDAD /* FavoritesDataSource.swift */,
			);
			path = Favorites;
			sourceTree = "<group>";
		};
		9D9305A22A3871C3007E2647 /* RecentWatched */ = {
			isa = PBXGroup;
			children = (
				9D9305A32A387263007E2647 /* RecentTableViewCell.swift */,
				9D9305A42A387263007E2647 /* RecentTableViewCell.xib */,
			);
			path = RecentWatched;
			sourceTree = "<group>";
		};
		9D9305A82A38785B007E2647 /* CollectionView */ = {
			isa = PBXGroup;
			children = (
				9D9305A92A387A52007E2647 /* DetailPostCollectionViewCell.swift */,
				9D9305AA2A387A52007E2647 /* DetailPostCollectionViewCell.xib */,
				9D9305AD2A387A71007E2647 /* CollectionViewDataSource.swift */,
			);
			path = CollectionView;
			sourceTree = "<group>";
		};
		9D96274C2A37253A00E0D11B /* Response */ = {
			isa = PBXGroup;
			children = (
				9D96274D2A37254E00E0D11B /* UserResponse.swift */,
				E221C6B92A81F8A6004A568D /* VideosResponse.swift */,
				E2B6709D2A4C84760019C9DE /* MessageResponse.swift */,
				E2D3864F2A6EE012003CFBBC /* CommonDataRespone.swift */,
				E2D386512A6EE182003CFBBC /* CommonResponse.swift */,
				E2B671FE2A6FD06700B6C553 /* MovieRepsonse.swift */,
				E291467A2A7F8F5F006F7D1E /* RequestFavoriteMovie.swift */,
				E2AD54C22A80C4A100590EEE /* FavoritesMovie.swift */,
			);
			path = Response;
			sourceTree = "<group>";
		};
		9D9B595B2A395A1E0001BDAD /* CollectionView */ = {
			isa = PBXGroup;
			children = (
				9D9B595C2A395A4B0001BDAD /* FavotitesCollectionViewCell.swift */,
				9D9B595D2A395A4B0001BDAD /* FavotitesCollectionViewCell.xib */,
			);
			path = CollectionView;
			sourceTree = "<group>";
		};
		9DA1C97E2A3AB3B7009FDEAD /* CustomView */ = {
			isa = PBXGroup;
			children = (
				E2AB81422A7CF25300342164 /* CustomNavigationHeaderView.swift */,
				9DA1C97F2A3AB3CE009FDEAD /* CustomLable.swift */,
				E2B278432A740B9200D60F21 /* CustomHeaderView.swift */,
			);
			path = CustomView;
			sourceTree = "<group>";
		};
		9DA1C9812A3ACFA9009FDEAD /* Cell */ = {
			isa = PBXGroup;
			children = (
				E2AB81402A7CE5FE00342164 /* DetaiTableViewCell.swift */,
				E2832E9E2A7D5ED000EBE071 /* DesciptionTableCell.swift */,
				E202839B2A820EBB00877709 /* TrailerTableViewCell.swift */,
			);
			path = Cell;
			sourceTree = "<group>";
		};
		9DA1C98A2A3AD145009FDEAD /* HeaderCell */ = {
			isa = PBXGroup;
			children = (
				9D24EB2E2A3AD36F008372AC /* HeaderCell.swift */,
				9D24EB2F2A3AD36F008372AC /* HeaderCell.xib */,
			);
			path = HeaderCell;
			sourceTree = "<group>";
		};
		9DA945A42A32BE7A0074D3FC /* Generated */ = {
			isa = PBXGroup;
			children = (
				9DA945A72A32BFCC0074D3FC /* Strings.swift */,
				E2E4CDFC2A358F8E0011259B /* Assets.swift */,
			);
			path = Generated;
			sourceTree = "<group>";
		};
		9DA945AF2A330C670074D3FC /* Home */ = {
			isa = PBXGroup;
			children = (
				9D93058F2A38701B007E2647 /* Cell */,
				9D9305A02A38712B007E2647 /* HomeDataSource.swift */,
				9DA945B02A330C8A0074D3FC /* HomeViewController.swift */,
				9DA945B12A330C8A0074D3FC /* HomeViewController.xib */,
				9D93058D2A386EE5007E2647 /* HomeViewModel.swift */,
			);
			path = Home;
			sourceTree = "<group>";
		};
		9DA945B42A330DE50074D3FC /* Login */ = {
			isa = PBXGroup;
			children = (
				9DA945B52A330E170074D3FC /* LoginViewController.swift */,
				9DA945B62A330E170074D3FC /* LoginViewController.xib */,
			);
			path = Login;
			sourceTree = "<group>";
		};
		9DA945BB2A3329D00074D3FC /* MainTabBar */ = {
			isa = PBXGroup;
			children = (
				9DA945BC2A332A330074D3FC /* TabBarController.swift */,
			);
			path = MainTabBar;
			sourceTree = "<group>";
		};
		9DAA12D22A3C5EFB00C5308D /* Cell */ = {
			isa = PBXGroup;
			children = (
				9DAA12D32A3C5F1400C5308D /* ProfileDataSource.swift */,
				9DAA12D52A3C60EB00C5308D /* ProfileTableViewCell.swift */,
				9DAA12D62A3C60EB00C5308D /* ProfileTableViewCell.xib */,
			);
			path = Cell;
			sourceTree = "<group>";
		};
		9DCC55FA2A3A9E30009C7E16 /* DetailMovies */ = {
			isa = PBXGroup;
			children = (
				9DA1C98A2A3AD145009FDEAD /* HeaderCell */,
				9DA1C9812A3ACFA9009FDEAD /* Cell */,
				9DA1C97A2A3AA0F3009FDEAD /* DetailMovieViewController.swift */,
				E2AB48732A72C4C400A8FEB1 /* DetailViewModel.swift */,
				9D24EB342A3AE9AF008372AC /* TheCastDataSource.swift */,
				9DA1C97B2A3AA0F3009FDEAD /* DetailMovieViewController.xib */,
			);
			path = DetailMovies;
			sourceTree = "<group>";
		};
		CBC9BA7C1F4F1195F0A1BBC0 /* Frameworks */ = {
			isa = PBXGroup;
			children = (
				895798C6446D80074EC4E740 /* Pods_MovieApp.framework */,
			);
			name = Frameworks;
			sourceTree = "<group>";
		};
		E2099A8C2A4D39D300CCC3A0 /* ImageManager */ = {
			isa = PBXGroup;
			children = (
				E2099A8D2A4D3A1A00CCC3A0 /* ImageManager.swift */,
			);
			path = ImageManager;
			sourceTree = "<group>";
		};
		E22CBA362A2193480021EDBE = {
			isa = PBXGroup;
			children = (
				E22CBA412A2193490021EDBE /* MovieApp */,
				E22CBA402A2193490021EDBE /* Products */,
				7CB16E5998471BC33CC3D225 /* Pods */,
				CBC9BA7C1F4F1195F0A1BBC0 /* Frameworks */,
			);
			sourceTree = "<group>";
		};
		E22CBA402A2193490021EDBE /* Products */ = {
			isa = PBXGroup;
			children = (
				E22CBA3F2A2193490021EDBE /* MovieApp.app */,
			);
			name = Products;
			sourceTree = "<group>";
		};
		E22CBA412A2193490021EDBE /* MovieApp */ = {
			isa = PBXGroup;
			children = (
				E2AAE43F2A2352B5004CFE0C /* Base */,
				E2BC26A52A23104D00ECB360 /* AppDelegate+SceneDelegate */,
				E2BC26A32A230D6100ECB360 /* Class */,
				E2BC26A42A230FBA00ECB360 /* Storyboard */,
				9DA945A42A32BE7A0074D3FC /* Generated */,
				E2AAE4382A234579004CFE0C /* Resources */,
				E2BC26A62A2310A800ECB360 /* ViewController */,
				9DA945A92A32D7E80074D3FC /* GoogleService-Info.plist */,
				E22CBA502A2193710021EDBE /* Info.plist */,
				E22CBA4D2A2193710021EDBE /* LaunchScreen.storyboard */,
			);
			path = MovieApp;
			sourceTree = "<group>";
		};
		E246A4FC2A517F5C00D3CF6C /* DetailChatViewController */ = {
			isa = PBXGroup;
			children = (
				E246A5012A51D6E900D3CF6C /* TableViewCell */,
				E246A4FD2A51803000D3CF6C /* DetailChatViewController.swift */,
				E2801B832A55C61C00C1B0AD /* DetailChatViewModel.swift */,
				E246A50C2A51E44900D3CF6C /* DetailDataSource.swift */,
				E246A4FE2A51803000D3CF6C /* DetailChatViewController.xib */,
			);
			path = DetailChatViewController;
			sourceTree = "<group>";
		};
		E246A5012A51D6E900D3CF6C /* TableViewCell */ = {
			isa = PBXGroup;
			children = (
				E2A41A712A6066E200E2EBC4 /* ImageTableViewCell.swift */,
				E2A41A722A6066E200E2EBC4 /* ImageTableViewCell.xib */,
				E2D174B32A5D2EF70013C63B /* ReciverUserMessage */,
				E246A5082A51DD0900D3CF6C /* ConvertionTableViewCell.swift */,
				E246A5092A51DD0900D3CF6C /* ConvertionTableViewCell.xib */,
			);
			path = TableViewCell;
			sourceTree = "<group>";
		};
		E28E1CAC2A8401AC0034C3B9 /* TableViewCell */ = {
			isa = PBXGroup;
			children = (
				E28E1CAD2A84032F0034C3B9 /* MovieTableViewCell.swift */,
				E28E1CAE2A84032F0034C3B9 /* MovieTableViewCell.xib */,
			);
			path = TableViewCell;
			sourceTree = "<group>";
		};
		E29E9BB22A6D759F00AADF94 /* ConfigAPI+Firebase */ = {
			isa = PBXGroup;
			children = (
				9DA945AB2A32D91B0074D3FC /* FirebaseManager.swift */,
				E29E9BB32A6D75F300AADF94 /* APIService.swift */,
				E2AEB64A2A77E29200A54933 /* APIService+Request.swift */,
			);
			path = "ConfigAPI+Firebase";
			sourceTree = "<group>";
		};
		E2A209902A49F0D2003DF2D9 /* NavigationHeader */ = {
			isa = PBXGroup;
			children = (
				E2A209912A49F131003DF2D9 /* CustomNavigationHeader.swift */,
				E246A5062A51DB4500D3CF6C /* CustomMessageView.swift */,
				E2EC98E62A769B6400D6D503 /* CustomNavigationBarView.swift */,
			);
			path = NavigationHeader;
			sourceTree = "<group>";
		};
		E2AAE4382A234579004CFE0C /* Resources */ = {
			isa = PBXGroup;
			children = (
				9DA945A12A32B24C0074D3FC /* Localizable.strings */,
				E22CBA4B2A2193710021EDBE /* Assets.xcassets */,
			);
			path = Resources;
			sourceTree = "<group>";
		};
		E2AAE4392A234598004CFE0C /* SiginSignOut */ = {
			isa = PBXGroup;
			children = (
				9DA945B42A330DE50074D3FC /* Login */,
				E2AAE43A2A2345AD004CFE0C /* Register */,
			);
			path = SiginSignOut;
			sourceTree = "<group>";
		};
		E2AAE43A2A2345AD004CFE0C /* Register */ = {
			isa = PBXGroup;
			children = (
				E2AAE4442A2353C9004CFE0C /* SiginViewModel */,
				E2AAE4432A2353B2004CFE0C /* SignInViewController */,
			);
			path = Register;
			sourceTree = "<group>";
		};
		E2AAE43F2A2352B5004CFE0C /* Base */ = {
			isa = PBXGroup;
			children = (
				720823AF2B0CBEFD001286EA /* RequetsParam */,
				E2B4CDFC2A6E2D3100C66BE2 /* Constant */,
				E29E9BB22A6D759F00AADF94 /* ConfigAPI+Firebase */,
				E2FD47682A61B5BD0015DA9D /* MVPCamemraViewController */,
				E2099A8C2A4D39D300CCC3A0 /* ImageManager */,
				E2A209902A49F0D2003DF2D9 /* NavigationHeader */,
				9DA1C97E2A3AB3B7009FDEAD /* CustomView */,
				9D96274C2A37253A00E0D11B /* Response */,
				E2AAE4472A235853004CFE0C /* Extension */,
				E2AAE4402A2352BE004CFE0C /* BaseViewController */,
				9DA945AD2A32DAD30074D3FC /* ToastUtil.swift */,
			);
			path = Base;
			sourceTree = "<group>";
		};
		E2AAE4402A2352BE004CFE0C /* BaseViewController */ = {
			isa = PBXGroup;
			children = (
				E2AAE4412A2352EA004CFE0C /* BaseViewController.swift */,
				9D93058B2A386571007E2647 /* UserDefaultManager.swift */,
				E21BC1B72A8B26B200FE4399 /* BaseViewModel.swift */,
			);
			path = BaseViewController;
			sourceTree = "<group>";
		};
		E2AAE4432A2353B2004CFE0C /* SignInViewController */ = {
			isa = PBXGroup;
			children = (
				E2AAE43B2A2346C2004CFE0C /* RegisterController.swift */,
				E2AAE43C2A2346C2004CFE0C /* RegisterController.xib */,
			);
			path = SignInViewController;
			sourceTree = "<group>";
		};
		E2AAE4442A2353C9004CFE0C /* SiginViewModel */ = {
			isa = PBXGroup;
			children = (
				E2AAE4452A235489004CFE0C /* RegisterViewModel.swift */,
			);
			path = SiginViewModel;
			sourceTree = "<group>";
		};
		E2AAE4472A235853004CFE0C /* Extension */ = {
			isa = PBXGroup;
			children = (
				E2AAE4482A23588C004CFE0C /* Extension.swift */,
				E21BC1B52A8B23B400FE4399 /* ActivityIndicator.swift */,
				E21BC1B92A8B2C1F00FE4399 /* Progressloading.swift */,
			);
			path = Extension;
			sourceTree = "<group>";
		};
		E2B1EE672A36343B006938D7 /* ProfileSetting */ = {
			isa = PBXGroup;
			children = (
				9DAA12D22A3C5EFB00C5308D /* Cell */,
				E2B1EE682A363494006938D7 /* ProfileViewController.swift */,
				E2B1EE692A363494006938D7 /* ProfileViewController.xib */,
				9DAA12D02A3C5AA900C5308D /* ProfileViewModel.swift */,
			);
			path = ProfileSetting;
			sourceTree = "<group>";
		};
		E2B1EE6C2A36386B006938D7 /* FavoriteMovie */ = {
			isa = PBXGroup;
			children = (
				E2B1EE6D2A363913006938D7 /* FavoriteMovieViewController.swift */,
				E2B1EE6E2A363913006938D7 /* FavoriteMovieViewController.xib */,
			);
			path = FavoriteMovie;
			sourceTree = "<group>";
		};
		E2B1EE712A36396D006938D7 /* ReelsViewController */ = {
			isa = PBXGroup;
			children = (
				E2DE58B32A794BC9008292A7 /* TableViewCell */,
				E2B1EE722A3639AA006938D7 /* ReelsViewController.swift */,
				E29E8BC82A7A09FB000548C2 /* ReeslsDataSource.swift */,
				E2DE58B12A7942F0008292A7 /* ReelsViewModel.swift */,
				E2B1EE732A3639AA006938D7 /* ReelsViewController.xib */,
			);
			path = ReelsViewController;
			sourceTree = "<group>";
		};
		E2B1EE762A3639BD006938D7 /* Search */ = {
			isa = PBXGroup;
			children = (
				E28E1CAC2A8401AC0034C3B9 /* TableViewCell */,
				E2B1EE772A3639E2006938D7 /* SearchViewController.swift */,
				E28E1CB12A8409B60034C3B9 /* SearchDataSource.swift */,
				E210599B2A83857D007AD371 /* SearchViewModel.swift */,
				E2B1EE782A3639E2006938D7 /* SearchViewController.xib */,
			);
			path = Search;
			sourceTree = "<group>";
		};
		E2B4CDFC2A6E2D3100C66BE2 /* Constant */ = {
			isa = PBXGroup;
			children = (
				E2B4CDFD2A6E2DBD00C66BE2 /* Constant.swift */,
			);
			path = Constant;
			sourceTree = "<group>";
		};
		E2B670A32A4C8FA90019C9DE /* UserActiveCollectionView */ = {
			isa = PBXGroup;
			children = (
				E2B670A62A4C901D0019C9DE /* UserActiveCollectionViewCell.swift */,
				E2B670A72A4C901D0019C9DE /* UserActiveCollectionViewCell.xib */,
			);
			path = UserActiveCollectionView;
			sourceTree = "<group>";
		};
		E2B670A42A4C8FC10019C9DE /* MessageCell */ = {
			isa = PBXGroup;
			children = (
				E2B6F8EF2A4346EE003AD85B /* MessageTableViewCell.swift */,
				E2B6F8F02A4346EE003AD85B /* MessageTableViewCell.xib */,
			);
			path = MessageCell;
			sourceTree = "<group>";
		};
		E2B670A52A4C8FD30019C9DE /* UserActiveCell */ = {
			isa = PBXGroup;
			children = (
				E2B670A32A4C8FA90019C9DE /* UserActiveCollectionView */,
				E2B670A02A4C8D810019C9DE /* UserActiveTableViewCell.xib */,
				E2B6709F2A4C8D810019C9DE /* UserActiveTableViewCell.swift */,
				E2B670AA2A4C93460019C9DE /* UserActiveDataSource.swift */,
			);
			path = UserActiveCell;
			sourceTree = "<group>";
		};
		E2B6F8EA2A43424E003AD85B /* Chat */ = {
			isa = PBXGroup;
			children = (
				E2B6F8F32A4346FA003AD85B /* TableViewCell */,
				E2B6F8EB2A4342CD003AD85B /* ChatViewController.swift */,
				E2B6F8EC2A4342CD003AD85B /* ChatViewController.xib */,
				E2B6F8F42A434776003AD85B /* ChatViewModel.swift */,
				E2B1DAB12A4B30B1009E230B /* ChatViewDataSource.swift */,
				E2BA05D92A4EA7A300F81D2E /* ListUserDataSource.swift */,
			);
			path = Chat;
			sourceTree = "<group>";
		};
		E2B6F8F32A4346FA003AD85B /* TableViewCell */ = {
			isa = PBXGroup;
			children = (
				E2BA05D42A4EA6DC00F81D2E /* ListUserTableView */,
				E2B670A52A4C8FD30019C9DE /* UserActiveCell */,
				E2B670A42A4C8FC10019C9DE /* MessageCell */,
			);
			path = TableViewCell;
			sourceTree = "<group>";
		};
		E2BA05D42A4EA6DC00F81D2E /* ListUserTableView */ = {
			isa = PBXGroup;
			children = (
				E2BA05D52A4EA73B00F81D2E /* ListUserTableViewCell.swift */,
				E2BA05D62A4EA73B00F81D2E /* ListUserTableViewCell.xib */,
			);
			path = ListUserTableView;
			sourceTree = "<group>";
		};
		E2BC26A32A230D6100ECB360 /* Class */ = {
			isa = PBXGroup;
			children = (
				E246A4FC2A517F5C00D3CF6C /* DetailChatViewController */,
				E2B6F8EA2A43424E003AD85B /* Chat */,
				9DA945AF2A330C670074D3FC /* Home */,
				9DCC55FA2A3A9E30009C7E16 /* DetailMovies */,
				9DA945BB2A3329D00074D3FC /* MainTabBar */,
				E2B1EE762A3639BD006938D7 /* Search */,
				E2B1EE712A36396D006938D7 /* ReelsViewController */,
				E2B1EE6C2A36386B006938D7 /* FavoriteMovie */,
				E2B1EE672A36343B006938D7 /* ProfileSetting */,
				E2AAE4392A234598004CFE0C /* SiginSignOut */,
			);
			path = Class;
			sourceTree = "<group>";
		};
		E2BC26A42A230FBA00ECB360 /* Storyboard */ = {
			isa = PBXGroup;
			children = (
				E22CBA482A21934A0021EDBE /* Main.storyboard */,
			);
			path = Storyboard;
			sourceTree = "<group>";
		};
		E2BC26A52A23104D00ECB360 /* AppDelegate+SceneDelegate */ = {
			isa = PBXGroup;
			children = (
				E22CBA422A21934A0021EDBE /* AppDelegate.swift */,
				E22CBA442A21934A0021EDBE /* SceneDelegate.swift */,
			);
			path = "AppDelegate+SceneDelegate";
			sourceTree = "<group>";
		};
		E2BC26A62A2310A800ECB360 /* ViewController */ = {
			isa = PBXGroup;
			children = (
				E22CBA462A21934A0021EDBE /* ViewController.swift */,
			);
			path = ViewController;
			sourceTree = "<group>";
		};
		E2D174B32A5D2EF70013C63B /* ReciverUserMessage */ = {
			isa = PBXGroup;
			children = (
				E2D174B62A5D311B0013C63B /* ReciverUserTableViewCell.swift */,
				E2D174B72A5D311B0013C63B /* ReciverUserTableViewCell.xib */,
			);
			path = ReciverUserMessage;
			sourceTree = "<group>";
		};
		E2DE58B32A794BC9008292A7 /* TableViewCell */ = {
			isa = PBXGroup;
			children = (
				E29E8BC62A79FA48000548C2 /* UpComingTableViewCell.swift */,
			);
			path = TableViewCell;
			sourceTree = "<group>";
		};
		E2FD47682A61B5BD0015DA9D /* MVPCamemraViewController */ = {
			isa = PBXGroup;
			children = (
				E2FD476A2A61B6860015DA9D /* MVPCamemraViewController.swift */,
				E2FD476B2A61B6860015DA9D /* MVPCamemraViewController.xib */,
			);
			path = MVPCamemraViewController;
			sourceTree = "<group>";
		};
/* End PBXGroup section */

/* Begin PBXNativeTarget section */
		E22CBA3E2A2193490021EDBE /* MovieApp */ = {
			isa = PBXNativeTarget;
			buildConfigurationList = E22CBA532A2193710021EDBE /* Build configuration list for PBXNativeTarget "MovieApp" */;
			buildPhases = (
				E66B0B837A061A62FC31805D /* [CP] Check Pods Manifest.lock */,
				E22CBA3B2A2193490021EDBE /* Sources */,
				E22CBA3C2A2193490021EDBE /* Frameworks */,
				E22CBA3D2A2193490021EDBE /* Resources */,
				E1C027C3E559C15B40309FEA /* [CP] Embed Pods Frameworks */,
			);
			buildRules = (
			);
			dependencies = (
			);
			name = MovieApp;
			productName = MovieApp;
			productReference = E22CBA3F2A2193490021EDBE /* MovieApp.app */;
			productType = "com.apple.product-type.application";
		};
/* End PBXNativeTarget section */

/* Begin PBXProject section */
		E22CBA372A2193480021EDBE /* Project object */ = {
			isa = PBXProject;
			attributes = {
				BuildIndependentTargetsInParallel = 1;
				LastSwiftUpdateCheck = 1340;
				LastUpgradeCheck = 1340;
				TargetAttributes = {
					E22CBA3E2A2193490021EDBE = {
						CreatedOnToolsVersion = 13.4.1;
					};
				};
			};
			buildConfigurationList = E22CBA3A2A2193480021EDBE /* Build configuration list for PBXProject "MovieApp" */;
			compatibilityVersion = "Xcode 12.0";
			developmentRegion = en;
			hasScannedForEncodings = 0;
			knownRegions = (
				en,
				Base,
			);
			mainGroup = E22CBA362A2193480021EDBE;
			productRefGroup = E22CBA402A2193490021EDBE /* Products */;
			projectDirPath = "";
			projectRoot = "";
			targets = (
				E22CBA3E2A2193490021EDBE /* MovieApp */,
			);
		};
/* End PBXProject section */

/* Begin PBXResourcesBuildPhase section */
		E22CBA3D2A2193490021EDBE /* Resources */ = {
			isa = PBXResourcesBuildPhase;
			buildActionMask = 2147483647;
			files = (
				E2B670A22A4C8D810019C9DE /* UserActiveTableViewCell.xib in Resources */,
				9D9B595F2A395A4B0001BDAD /* FavotitesCollectionViewCell.xib in Resources */,
				9DAA12D82A3C60EB00C5308D /* ProfileTableViewCell.xib in Resources */,
				E2B1EE6B2A363495006938D7 /* ProfileViewController.xib in Resources */,
				9DA945B82A330E170074D3FC /* LoginViewController.xib in Resources */,
				E2B1EE7A2A3639E2006938D7 /* SearchViewController.xib in Resources */,
				9DA945A22A32B24C0074D3FC /* Localizable.strings in Resources */,
				E2FD476D2A61B6860015DA9D /* MVPCamemraViewController.xib in Resources */,
				E2B1EE752A3639AA006938D7 /* ReelsViewController.xib in Resources */,
				E246A5002A51803100D3CF6C /* DetailChatViewController.xib in Resources */,
				E2B6F8F22A4346EE003AD85B /* MessageTableViewCell.xib in Resources */,
				E2B1EE702A363914006938D7 /* FavoriteMovieViewController.xib in Resources */,
				E22CBA4F2A2193710021EDBE /* LaunchScreen.storyboard in Resources */,
				E2AAE43E2A2346C2004CFE0C /* RegisterController.xib in Resources */,
				E2A41A742A6066E300E2EBC4 /* ImageTableViewCell.xib in Resources */,
				9D9305972A3870D7007E2647 /* CategoryTableViewCell.xib in Resources */,
				9D9305AC2A387A52007E2647 /* DetailPostCollectionViewCell.xib in Resources */,
				E246A50B2A51DD0900D3CF6C /* ConvertionTableViewCell.xib in Resources */,
				E22CBA4C2A2193710021EDBE /* Assets.xcassets in Resources */,
				E2B6F8EE2A4342CD003AD85B /* ChatViewController.xib in Resources */,
				E22CBA4A2A21934A0021EDBE /* Main.storyboard in Resources */,
				9DA945B32A330C8A0074D3FC /* HomeViewController.xib in Resources */,
				E2B670A92A4C901D0019C9DE /* UserActiveCollectionViewCell.xib in Resources */,
				9D9305A62A387264007E2647 /* RecentTableViewCell.xib in Resources */,
				E2D174B92A5D311B0013C63B /* ReciverUserTableViewCell.xib in Resources */,
				E28E1CB02A84032F0034C3B9 /* MovieTableViewCell.xib in Resources */,
				9D24EB312A3AD36F008372AC /* HeaderCell.xib in Resources */,
				9DA1C97D2A3AA0F3009FDEAD /* DetailMovieViewController.xib in Resources */,
				E2BA05D82A4EA73B00F81D2E /* ListUserTableViewCell.xib in Resources */,
				9D93059B2A3870EE007E2647 /* DetailTableViewCell.xib in Resources */,
				9D93059F2A38710E007E2647 /* FavoritesTableViewCell.xib in Resources */,
				9DA945AA2A32D7E90074D3FC /* GoogleService-Info.plist in Resources */,
			);
			runOnlyForDeploymentPostprocessing = 0;
		};
/* End PBXResourcesBuildPhase section */

/* Begin PBXShellScriptBuildPhase section */
		E1C027C3E559C15B40309FEA /* [CP] Embed Pods Frameworks */ = {
			isa = PBXShellScriptBuildPhase;
			buildActionMask = 2147483647;
			files = (
			);
			inputFileListPaths = (
				"${PODS_ROOT}/Target Support Files/Pods-MovieApp/Pods-MovieApp-frameworks-${CONFIGURATION}-input-files.xcfilelist",
			);
			name = "[CP] Embed Pods Frameworks";
			outputFileListPaths = (
				"${PODS_ROOT}/Target Support Files/Pods-MovieApp/Pods-MovieApp-frameworks-${CONFIGURATION}-output-files.xcfilelist",
			);
			runOnlyForDeploymentPostprocessing = 0;
			shellPath = /bin/sh;
			shellScript = "\"${PODS_ROOT}/Target Support Files/Pods-MovieApp/Pods-MovieApp-frameworks.sh\"\n";
			showEnvVarsInLog = 0;
		};
		E66B0B837A061A62FC31805D /* [CP] Check Pods Manifest.lock */ = {
			isa = PBXShellScriptBuildPhase;
			buildActionMask = 2147483647;
			files = (
			);
			inputFileListPaths = (
			);
			inputPaths = (
				"${PODS_PODFILE_DIR_PATH}/Podfile.lock",
				"${PODS_ROOT}/Manifest.lock",
			);
			name = "[CP] Check Pods Manifest.lock";
			outputFileListPaths = (
			);
			outputPaths = (
				"$(DERIVED_FILE_DIR)/Pods-MovieApp-checkManifestLockResult.txt",
			);
			runOnlyForDeploymentPostprocessing = 0;
			shellPath = /bin/sh;
			shellScript = "diff \"${PODS_PODFILE_DIR_PATH}/Podfile.lock\" \"${PODS_ROOT}/Manifest.lock\" > /dev/null\nif [ $? != 0 ] ; then\n    # print error to STDERR\n    echo \"error: The sandbox is not in sync with the Podfile.lock. Run 'pod install' or update your CocoaPods installation.\" >&2\n    exit 1\nfi\n# This output is used by Xcode 'outputs' to avoid re-running this script phase.\necho \"SUCCESS\" > \"${SCRIPT_OUTPUT_FILE_0}\"\n";
			showEnvVarsInLog = 0;
		};
/* End PBXShellScriptBuildPhase section */

/* Begin PBXSourcesBuildPhase section */
		E22CBA3B2A2193490021EDBE /* Sources */ = {
			isa = PBXSourcesBuildPhase;
			buildActionMask = 2147483647;
			files = (
				9D9B595E2A395A4B0001BDAD /* FavotitesCollectionViewCell.swift in Sources */,
				E2D386502A6EE012003CFBBC /* CommonDataRespone.swift in Sources */,
				9DA945B72A330E170074D3FC /* LoginViewController.swift in Sources */,
				E21BC1BA2A8B2C1F00FE4399 /* Progressloading.swift in Sources */,
				E2AAE4422A2352EA004CFE0C /* BaseViewController.swift in Sources */,
				E2BA05D72A4EA73B00F81D2E /* ListUserTableViewCell.swift in Sources */,
				E2B671FF2A6FD06700B6C553 /* MovieRepsonse.swift in Sources */,
				E2AAE4462A235489004CFE0C /* RegisterViewModel.swift in Sources */,
				E2B6709E2A4C84760019C9DE /* MessageResponse.swift in Sources */,
				E21BC1B82A8B26B200FE4399 /* BaseViewModel.swift in Sources */,
				9DA945A82A32BFCC0074D3FC /* Strings.swift in Sources */,
				E2B1EE792A3639E2006938D7 /* SearchViewController.swift in Sources */,
				9DA945AC2A32D91B0074D3FC /* FirebaseManager.swift in Sources */,
				E202839C2A820EBB00877709 /* TrailerTableViewCell.swift in Sources */,
				9D24EB352A3AE9AF008372AC /* TheCastDataSource.swift in Sources */,
				E2D174B82A5D311B0013C63B /* ReciverUserTableViewCell.swift in Sources */,
				9DA1C9802A3AB3CE009FDEAD /* CustomLable.swift in Sources */,
				9DA1C97C2A3AA0F3009FDEAD /* DetailMovieViewController.swift in Sources */,
				E21BC1B62A8B23B500FE4399 /* ActivityIndicator.swift in Sources */,
				E2B670A82A4C901D0019C9DE /* UserActiveCollectionViewCell.swift in Sources */,
				E2BA05DA2A4EA7A300F81D2E /* ListUserDataSource.swift in Sources */,
				9D9305AE2A387A71007E2647 /* CollectionViewDataSource.swift in Sources */,
				E2EC98E72A769B6400D6D503 /* CustomNavigationBarView.swift in Sources */,
				E2B6F8F52A434776003AD85B /* ChatViewModel.swift in Sources */,
				E246A5072A51DB4500D3CF6C /* CustomMessageView.swift in Sources */,
				E2AAE4492A23588C004CFE0C /* Extension.swift in Sources */,
				9D93059A2A3870EE007E2647 /* DetailTableViewCell.swift in Sources */,
				9D9B59612A395AA20001BDAD /* FavoritesDataSource.swift in Sources */,
				E2B4CDFE2A6E2DBD00C66BE2 /* Constant.swift in Sources */,
				E29E9BB42A6D75F300AADF94 /* APIService.swift in Sources */,
				E221C6BA2A81F8A7004A568D /* VideosResponse.swift in Sources */,
				9D9305A52A387263007E2647 /* RecentTableViewCell.swift in Sources */,
				E29E8BC92A7A09FC000548C2 /* ReeslsDataSource.swift in Sources */,
				E2B1EE6F2A363914006938D7 /* FavoriteMovieViewController.swift in Sources */,
				E2B1EE6A2A363494006938D7 /* ProfileViewController.swift in Sources */,
				9DA945AE2A32DAD30074D3FC /* ToastUtil.swift in Sources */,
				E2099A8E2A4D3A1A00CCC3A0 /* ImageManager.swift in Sources */,
				E28E1CAF2A84032F0034C3B9 /* MovieTableViewCell.swift in Sources */,
				E2A209922A49F132003DF2D9 /* CustomNavigationHeader.swift in Sources */,
				9D9305AB2A387A52007E2647 /* DetailPostCollectionViewCell.swift in Sources */,
				E22CBA472A21934A0021EDBE /* ViewController.swift in Sources */,
				E2AB48742A72C4C600A8FEB1 /* DetailViewModel.swift in Sources */,
				9DAA12D12A3C5AA900C5308D /* ProfileViewModel.swift in Sources */,
				E246A50A2A51DD0900D3CF6C /* ConvertionTableViewCell.swift in Sources */,
				E28E1CB22A8409B60034C3B9 /* SearchDataSource.swift in Sources */,
				E2E4CDFD2A358F8E0011259B /* Assets.swift in Sources */,
				9D93059E2A38710E007E2647 /* FavoritesTableViewCell.swift in Sources */,
				E2AB81412A7CE5FE00342164 /* DetaiTableViewCell.swift in Sources */,
				9DA945B22A330C8A0074D3FC /* HomeViewController.swift in Sources */,
				E2B670A12A4C8D810019C9DE /* UserActiveTableViewCell.swift in Sources */,
				9D9305A12A38712B007E2647 /* HomeDataSource.swift in Sources */,
				E2D386522A6EE182003CFBBC /* CommonResponse.swift in Sources */,
				E2832E9F2A7D5ED400EBE071 /* DesciptionTableCell.swift in Sources */,
				9D96274E2A37254E00E0D11B /* UserResponse.swift in Sources */,
				9D93058C2A386571007E2647 /* UserDefaultManager.swift in Sources */,
				E210599C2A83857D007AD371 /* SearchViewModel.swift in Sources */,
				9DAA12D42A3C5F1400C5308D /* ProfileDataSource.swift in Sources */,
				E2FD476C2A61B6860015DA9D /* MVPCamemraViewController.swift in Sources */,
				E246A50D2A51E44900D3CF6C /* DetailDataSource.swift in Sources */,
				E2AB81432A7CF25300342164 /* CustomNavigationHeaderView.swift in Sources */,
				E2AEB64B2A77E29200A54933 /* APIService+Request.swift in Sources */,
				E2AAE43D2A2346C2004CFE0C /* RegisterController.swift in Sources */,
				E2B278442A740B9400D60F21 /* CustomHeaderView.swift in Sources */,
				E291467B2A7F8F5F006F7D1E /* RequestFavoriteMovie.swift in Sources */,
				9D93058E2A386EE5007E2647 /* HomeViewModel.swift in Sources */,
				9D9305962A3870D7007E2647 /* CategoryTableViewCell.swift in Sources */,
				E2B670AB2A4C93460019C9DE /* UserActiveDataSource.swift in Sources */,
				E22CBA432A21934A0021EDBE /* AppDelegate.swift in Sources */,
				9DAA12D72A3C60EB00C5308D /* ProfileTableViewCell.swift in Sources */,
				E246A4FF2A51803000D3CF6C /* DetailChatViewController.swift in Sources */,
				9DA945BD2A332A330074D3FC /* TabBarController.swift in Sources */,
				E2B6F8F12A4346EE003AD85B /* MessageTableViewCell.swift in Sources */,
				E2B6F8ED2A4342CD003AD85B /* ChatViewController.swift in Sources */,
				E2B1DAB22A4B30B1009E230B /* ChatViewDataSource.swift in Sources */,
				E2AA0B9C2A5C54C000F93091 /* MessageType.swift in Sources */,
				E2DE58B22A7942F0008292A7 /* ReelsViewModel.swift in Sources */,
				E22CBA452A21934A0021EDBE /* SceneDelegate.swift in Sources */,
				E2801B842A55C61D00C1B0AD /* DetailChatViewModel.swift in Sources */,
				E2A41A732A6066E300E2EBC4 /* ImageTableViewCell.swift in Sources */,
				E29E8BC72A79FA48000548C2 /* UpComingTableViewCell.swift in Sources */,
				9D24EB302A3AD36F008372AC /* HeaderCell.swift in Sources */,
				E2AD54C32A80C4A200590EEE /* FavoritesMovie.swift in Sources */,
				E2B1EE742A3639AA006938D7 /* ReelsViewController.swift in Sources */,
			);
			runOnlyForDeploymentPostprocessing = 0;
		};
/* End PBXSourcesBuildPhase section */

/* Begin PBXVariantGroup section */
		E22CBA482A21934A0021EDBE /* Main.storyboard */ = {
			isa = PBXVariantGroup;
			children = (
				E22CBA492A21934A0021EDBE /* Base */,
			);
			name = Main.storyboard;
			sourceTree = "<group>";
		};
		E22CBA4D2A2193710021EDBE /* LaunchScreen.storyboard */ = {
			isa = PBXVariantGroup;
			children = (
				E22CBA4E2A2193710021EDBE /* Base */,
			);
			name = LaunchScreen.storyboard;
			sourceTree = "<group>";
		};
/* End PBXVariantGroup section */

/* Begin XCBuildConfiguration section */
		E22CBA512A2193710021EDBE /* Debug */ = {
			isa = XCBuildConfiguration;
			buildSettings = {
				ALWAYS_SEARCH_USER_PATHS = NO;
				CLANG_ANALYZER_NONNULL = YES;
				CLANG_ANALYZER_NUMBER_OBJECT_CONVERSION = YES_AGGRESSIVE;
				CLANG_CXX_LANGUAGE_STANDARD = "gnu++17";
				CLANG_ENABLE_MODULES = YES;
				CLANG_ENABLE_OBJC_ARC = YES;
				CLANG_ENABLE_OBJC_WEAK = YES;
				CLANG_WARN_BLOCK_CAPTURE_AUTORELEASING = YES;
				CLANG_WARN_BOOL_CONVERSION = YES;
				CLANG_WARN_COMMA = YES;
				CLANG_WARN_CONSTANT_CONVERSION = YES;
				CLANG_WARN_DEPRECATED_OBJC_IMPLEMENTATIONS = YES;
				CLANG_WARN_DIRECT_OBJC_ISA_USAGE = YES_ERROR;
				CLANG_WARN_DOCUMENTATION_COMMENTS = YES;
				CLANG_WARN_EMPTY_BODY = YES;
				CLANG_WARN_ENUM_CONVERSION = YES;
				CLANG_WARN_INFINITE_RECURSION = YES;
				CLANG_WARN_INT_CONVERSION = YES;
				CLANG_WARN_NON_LITERAL_NULL_CONVERSION = YES;
				CLANG_WARN_OBJC_IMPLICIT_RETAIN_SELF = YES;
				CLANG_WARN_OBJC_LITERAL_CONVERSION = YES;
				CLANG_WARN_OBJC_ROOT_CLASS = YES_ERROR;
				CLANG_WARN_QUOTED_INCLUDE_IN_FRAMEWORK_HEADER = YES;
				CLANG_WARN_RANGE_LOOP_ANALYSIS = YES;
				CLANG_WARN_STRICT_PROTOTYPES = YES;
				CLANG_WARN_SUSPICIOUS_MOVE = YES;
				CLANG_WARN_UNGUARDED_AVAILABILITY = YES_AGGRESSIVE;
				CLANG_WARN_UNREACHABLE_CODE = YES;
				CLANG_WARN__DUPLICATE_METHOD_MATCH = YES;
				COPY_PHASE_STRIP = NO;
				DEBUG_INFORMATION_FORMAT = dwarf;
				ENABLE_STRICT_OBJC_MSGSEND = YES;
				ENABLE_TESTABILITY = YES;
				GCC_C_LANGUAGE_STANDARD = gnu11;
				GCC_DYNAMIC_NO_PIC = NO;
				GCC_NO_COMMON_BLOCKS = YES;
				GCC_OPTIMIZATION_LEVEL = 0;
				GCC_PREPROCESSOR_DEFINITIONS = (
					"DEBUG=1",
					"$(inherited)",
				);
				GCC_WARN_64_TO_32_BIT_CONVERSION = YES;
				GCC_WARN_ABOUT_RETURN_TYPE = YES_ERROR;
				GCC_WARN_UNDECLARED_SELECTOR = YES;
				GCC_WARN_UNINITIALIZED_AUTOS = YES_AGGRESSIVE;
				GCC_WARN_UNUSED_FUNCTION = YES;
				GCC_WARN_UNUSED_VARIABLE = YES;
				IPHONEOS_DEPLOYMENT_TARGET = 14.0;
				MTL_ENABLE_DEBUG_INFO = INCLUDE_SOURCE;
				MTL_FAST_MATH = YES;
				ONLY_ACTIVE_ARCH = YES;
				SDKROOT = iphoneos;
				SWIFT_ACTIVE_COMPILATION_CONDITIONS = DEBUG;
				SWIFT_OPTIMIZATION_LEVEL = "-Onone";
			};
			name = Debug;
		};
		E22CBA522A2193710021EDBE /* Release */ = {
			isa = XCBuildConfiguration;
			buildSettings = {
				ALWAYS_SEARCH_USER_PATHS = NO;
				CLANG_ANALYZER_NONNULL = YES;
				CLANG_ANALYZER_NUMBER_OBJECT_CONVERSION = YES_AGGRESSIVE;
				CLANG_CXX_LANGUAGE_STANDARD = "gnu++17";
				CLANG_ENABLE_MODULES = YES;
				CLANG_ENABLE_OBJC_ARC = YES;
				CLANG_ENABLE_OBJC_WEAK = YES;
				CLANG_WARN_BLOCK_CAPTURE_AUTORELEASING = YES;
				CLANG_WARN_BOOL_CONVERSION = YES;
				CLANG_WARN_COMMA = YES;
				CLANG_WARN_CONSTANT_CONVERSION = YES;
				CLANG_WARN_DEPRECATED_OBJC_IMPLEMENTATIONS = YES;
				CLANG_WARN_DIRECT_OBJC_ISA_USAGE = YES_ERROR;
				CLANG_WARN_DOCUMENTATION_COMMENTS = YES;
				CLANG_WARN_EMPTY_BODY = YES;
				CLANG_WARN_ENUM_CONVERSION = YES;
				CLANG_WARN_INFINITE_RECURSION = YES;
				CLANG_WARN_INT_CONVERSION = YES;
				CLANG_WARN_NON_LITERAL_NULL_CONVERSION = YES;
				CLANG_WARN_OBJC_IMPLICIT_RETAIN_SELF = YES;
				CLANG_WARN_OBJC_LITERAL_CONVERSION = YES;
				CLANG_WARN_OBJC_ROOT_CLASS = YES_ERROR;
				CLANG_WARN_QUOTED_INCLUDE_IN_FRAMEWORK_HEADER = YES;
				CLANG_WARN_RANGE_LOOP_ANALYSIS = YES;
				CLANG_WARN_STRICT_PROTOTYPES = YES;
				CLANG_WARN_SUSPICIOUS_MOVE = YES;
				CLANG_WARN_UNGUARDED_AVAILABILITY = YES_AGGRESSIVE;
				CLANG_WARN_UNREACHABLE_CODE = YES;
				CLANG_WARN__DUPLICATE_METHOD_MATCH = YES;
				COPY_PHASE_STRIP = NO;
				DEBUG_INFORMATION_FORMAT = "dwarf-with-dsym";
				ENABLE_NS_ASSERTIONS = NO;
				ENABLE_STRICT_OBJC_MSGSEND = YES;
				GCC_C_LANGUAGE_STANDARD = gnu11;
				GCC_NO_COMMON_BLOCKS = YES;
				GCC_WARN_64_TO_32_BIT_CONVERSION = YES;
				GCC_WARN_ABOUT_RETURN_TYPE = YES_ERROR;
				GCC_WARN_UNDECLARED_SELECTOR = YES;
				GCC_WARN_UNINITIALIZED_AUTOS = YES_AGGRESSIVE;
				GCC_WARN_UNUSED_FUNCTION = YES;
				GCC_WARN_UNUSED_VARIABLE = YES;
				IPHONEOS_DEPLOYMENT_TARGET = 14.0;
				MTL_ENABLE_DEBUG_INFO = NO;
				MTL_FAST_MATH = YES;
				SDKROOT = iphoneos;
				SWIFT_COMPILATION_MODE = wholemodule;
				SWIFT_OPTIMIZATION_LEVEL = "-O";
				VALIDATE_PRODUCT = YES;
			};
			name = Release;
		};
		E22CBA542A2193710021EDBE /* Debug */ = {
			isa = XCBuildConfiguration;
			baseConfigurationReference = C38535E0ADC35CAE6FC19B79 /* Pods-MovieApp.debug.xcconfig */;
			buildSettings = {
				ASSETCATALOG_COMPILER_APPICON_NAME = AppIcon;
				ASSETCATALOG_COMPILER_GLOBAL_ACCENT_COLOR_NAME = AccentColor;
				CODE_SIGN_IDENTITY = "Apple Development";
				CODE_SIGN_STYLE = Automatic;
				CURRENT_PROJECT_VERSION = 1;
				DEVELOPMENT_TEAM = 4QZ97XH7T7;
				GENERATE_INFOPLIST_FILE = YES;
				INFOPLIST_FILE = MovieApp/Info.plist;
				INFOPLIST_KEY_UIApplicationSupportsIndirectInputEvents = YES;
				INFOPLIST_KEY_UILaunchStoryboardName = LaunchScreen;
				INFOPLIST_KEY_UIMainStoryboardFile = Main;
				INFOPLIST_KEY_UISupportedInterfaceOrientations_iPad = "UIInterfaceOrientationPortrait UIInterfaceOrientationPortraitUpsideDown UIInterfaceOrientationLandscapeLeft UIInterfaceOrientationLandscapeRight";
				INFOPLIST_KEY_UISupportedInterfaceOrientations_iPhone = "UIInterfaceOrientationPortrait UIInterfaceOrientationLandscapeLeft UIInterfaceOrientationLandscapeRight";
				IPHONEOS_DEPLOYMENT_TARGET = 15.0;
				LD_RUNPATH_SEARCH_PATHS = (
					"$(inherited)",
					"@executable_path/Frameworks",
				);
				MARKETING_VERSION = 1.0;
				PRODUCT_BUNDLE_IDENTIFIER = Hn.MovieApp;
				PRODUCT_NAME = "$(TARGET_NAME)";
				PROVISIONING_PROFILE_SPECIFIER = "";
				SWIFT_EMIT_LOC_STRINGS = YES;
				SWIFT_VERSION = 5.0;
				TARGETED_DEVICE_FAMILY = 1;
			};
			name = Debug;
		};
		E22CBA552A2193710021EDBE /* Release */ = {
			isa = XCBuildConfiguration;
			baseConfigurationReference = 3816C510497B22ACCDC682CB /* Pods-MovieApp.release.xcconfig */;
			buildSettings = {
				ASSETCATALOG_COMPILER_APPICON_NAME = AppIcon;
				ASSETCATALOG_COMPILER_GLOBAL_ACCENT_COLOR_NAME = AccentColor;
				CODE_SIGN_IDENTITY = "Apple Development";
				CODE_SIGN_STYLE = Automatic;
				CURRENT_PROJECT_VERSION = 1;
				DEVELOPMENT_TEAM = 4QZ97XH7T7;
				GENERATE_INFOPLIST_FILE = YES;
				INFOPLIST_FILE = MovieApp/Info.plist;
				INFOPLIST_KEY_UIApplicationSupportsIndirectInputEvents = YES;
				INFOPLIST_KEY_UILaunchStoryboardName = LaunchScreen;
				INFOPLIST_KEY_UIMainStoryboardFile = Main;
				INFOPLIST_KEY_UISupportedInterfaceOrientations_iPad = "UIInterfaceOrientationPortrait UIInterfaceOrientationPortraitUpsideDown UIInterfaceOrientationLandscapeLeft UIInterfaceOrientationLandscapeRight";
				INFOPLIST_KEY_UISupportedInterfaceOrientations_iPhone = "UIInterfaceOrientationPortrait UIInterfaceOrientationLandscapeLeft UIInterfaceOrientationLandscapeRight";
				IPHONEOS_DEPLOYMENT_TARGET = 15.0;
				LD_RUNPATH_SEARCH_PATHS = (
					"$(inherited)",
					"@executable_path/Frameworks",
				);
				MARKETING_VERSION = 1.0;
				PRODUCT_BUNDLE_IDENTIFIER = Hn.MovieApp;
				PRODUCT_NAME = "$(TARGET_NAME)";
				PROVISIONING_PROFILE_SPECIFIER = "";
				SWIFT_EMIT_LOC_STRINGS = YES;
				SWIFT_VERSION = 5.0;
				TARGETED_DEVICE_FAMILY = 1;
			};
			name = Release;
		};
/* End XCBuildConfiguration section */

/* Begin XCConfigurationList section */
		E22CBA3A2A2193480021EDBE /* Build configuration list for PBXProject "MovieApp" */ = {
			isa = XCConfigurationList;
			buildConfigurations = (
				E22CBA512A2193710021EDBE /* Debug */,
				E22CBA522A2193710021EDBE /* Release */,
			);
			defaultConfigurationIsVisible = 0;
			defaultConfigurationName = Release;
		};
		E22CBA532A2193710021EDBE /* Build configuration list for PBXNativeTarget "MovieApp" */ = {
			isa = XCConfigurationList;
			buildConfigurations = (
				E22CBA542A2193710021EDBE /* Debug */,
				E22CBA552A2193710021EDBE /* Release */,
			);
			defaultConfigurationIsVisible = 0;
			defaultConfigurationName = Release;
		};
/* End XCConfigurationList section */
	};
	rootObject = E22CBA372A2193480021EDBE /* Project object */;
}
